// !$*UTF8*$!
{
	archiveVersion = 1;
	classes = {
	};
	objectVersion = 46;
	objects = {

/* Begin PBXBuildFile section */
		736D9AA0D8AEC3D38F042B2E /* libPods.a in Frameworks */ = {isa = PBXBuildFile; fileRef = 94676BF8A38BC1106CAB6258 /* libPods.a */; };
		D2174CB71D4E0F00009EA3EB /* Assets.xcassets in Resources */ = {isa = PBXBuildFile; fileRef = D2174CB61D4E0F00009EA3EB /* Assets.xcassets */; };
		D2174D031D4EFE36009EA3EB /* HCEssenceViewController.m in Sources */ = {isa = PBXBuildFile; fileRef = D2174CDE1D4EFE36009EA3EB /* HCEssenceViewController.m */; };
		D2174D041D4EFE36009EA3EB /* HCFriendTrendsViewController.m in Sources */ = {isa = PBXBuildFile; fileRef = D2174CE41D4EFE36009EA3EB /* HCFriendTrendsViewController.m */; };
		D2174D051D4EFE36009EA3EB /* HCMeViewController.m in Sources */ = {isa = PBXBuildFile; fileRef = D2174CEA1D4EFE36009EA3EB /* HCMeViewController.m */; };
		D2174D061D4EFE36009EA3EB /* HCNewViewController.m in Sources */ = {isa = PBXBuildFile; fileRef = D2174CF01D4EFE36009EA3EB /* HCNewViewController.m */; };
		D2174D071D4EFE36009EA3EB /* AppDelegate.m in Sources */ = {isa = PBXBuildFile; fileRef = D2174CF51D4EFE36009EA3EB /* AppDelegate.m */; };
		D2174D081D4EFE36009EA3EB /* UIBarButtonItem+HCExtension.m in Sources */ = {isa = PBXBuildFile; fileRef = D2174CF81D4EFE36009EA3EB /* UIBarButtonItem+HCExtension.m */; };
		D2174D091D4EFE36009EA3EB /* UIView+HCExtension.m in Sources */ = {isa = PBXBuildFile; fileRef = D2174CFA1D4EFE36009EA3EB /* UIView+HCExtension.m */; };
		D2174D0A1D4EFE36009EA3EB /* HCTabBarViewController.m in Sources */ = {isa = PBXBuildFile; fileRef = D2174CFD1D4EFE36009EA3EB /* HCTabBarViewController.m */; };
		D2174D0B1D4EFE36009EA3EB /* main.m in Sources */ = {isa = PBXBuildFile; fileRef = D2174CFE1D4EFE36009EA3EB /* main.m */; };
		D2174D0C1D4EFE36009EA3EB /* HCTabBar.m in Sources */ = {isa = PBXBuildFile; fileRef = D2174D021D4EFE36009EA3EB /* HCTabBar.m */; };
		D2174D181D4F8BFA009EA3EB /* HCNavigationController.m in Sources */ = {isa = PBXBuildFile; fileRef = D2174D171D4F8BFA009EA3EB /* HCNavigationController.m */; };
		D2174D1A1D4F90F7009EA3EB /* HCFriendTrendsViewController.xib in Resources */ = {isa = PBXBuildFile; fileRef = D2174D191D4F90F7009EA3EB /* HCFriendTrendsViewController.xib */; };
		D24876F91D5AE44D007523B3 /* HCVerticalButton.m in Sources */ = {isa = PBXBuildFile; fileRef = D24876F81D5AE44D007523B3 /* HCVerticalButton.m */; };
		D24DF75F1D51CC2F000D1284 /* HCRecommendCategory.m in Sources */ = {isa = PBXBuildFile; fileRef = D24DF75E1D51CC2F000D1284 /* HCRecommendCategory.m */; };
		D24DF7631D51CD02000D1284 /* HCRecommendCategoryCell.m in Sources */ = {isa = PBXBuildFile; fileRef = D24DF7611D51CD02000D1284 /* HCRecommendCategoryCell.m */; };
		D24DF7641D51CD02000D1284 /* HCRecommendCategoryCell.xib in Resources */ = {isa = PBXBuildFile; fileRef = D24DF7621D51CD02000D1284 /* HCRecommendCategoryCell.xib */; };
		D24DF7671D521361000D1284 /* HCRecommendUser.m in Sources */ = {isa = PBXBuildFile; fileRef = D24DF7661D521361000D1284 /* HCRecommendUser.m */; };
		D24DF76E1D52165E000D1284 /* HCRecommendUserCell.m in Sources */ = {isa = PBXBuildFile; fileRef = D24DF76C1D52165E000D1284 /* HCRecommendUserCell.m */; };
		D24DF76F1D52165E000D1284 /* HCRecommendUserCell.xib in Resources */ = {isa = PBXBuildFile; fileRef = D24DF76D1D52165E000D1284 /* HCRecommendUserCell.xib */; };
		D25A581C1D5DF8E700236AD8 /* HCTopic.m in Sources */ = {isa = PBXBuildFile; fileRef = D25A581B1D5DF8E700236AD8 /* HCTopic.m */; };
		D25FFAFD1D505A4C00085927 /* HCRecommendViewController.m in Sources */ = {isa = PBXBuildFile; fileRef = D25FFAFB1D505A4C00085927 /* HCRecommendViewController.m */; };
		D25FFAFE1D505A4C00085927 /* HCRecommendViewController.xib in Resources */ = {isa = PBXBuildFile; fileRef = D25FFAFC1D505A4C00085927 /* HCRecommendViewController.xib */; };
		D260EEEC1D5B0C69002B84BE /* HCTextField.m in Sources */ = {isa = PBXBuildFile; fileRef = D260EEEB1D5B0C69002B84BE /* HCTextField.m */; };
		D260EEF91D5B22DE002B84BE /* HCPushGuideView.m in Sources */ = {isa = PBXBuildFile; fileRef = D260EEF81D5B22DE002B84BE /* HCPushGuideView.m */; };
		D260EEFB1D5B22E8002B84BE /* HCPushGuideView.xib in Resources */ = {isa = PBXBuildFile; fileRef = D260EEFA1D5B22E8002B84BE /* HCPushGuideView.xib */; };
		D2630F551D54796E00D0C7EE /* HCRecommendTagCell.m in Sources */ = {isa = PBXBuildFile; fileRef = D2630F531D54796E00D0C7EE /* HCRecommendTagCell.m */; };
		D2630F561D54796E00D0C7EE /* HCRecommendTagCell.xib in Resources */ = {isa = PBXBuildFile; fileRef = D2630F541D54796E00D0C7EE /* HCRecommendTagCell.xib */; };
		D2630F591D547A0E00D0C7EE /* HCRecommendTagViewController.m in Sources */ = {isa = PBXBuildFile; fileRef = D2630F581D547A0E00D0C7EE /* HCRecommendTagViewController.m */; };
		D2630F5C1D54841900D0C7EE /* HCRecommendTag.m in Sources */ = {isa = PBXBuildFile; fileRef = D2630F5B1D54841900D0C7EE /* HCRecommendTag.m */; };
		D26E88261D58836100359A53 /* HCLoginRegisterViewController.m in Sources */ = {isa = PBXBuildFile; fileRef = D26E88251D58836100359A53 /* HCLoginRegisterViewController.m */; };
		D26E88281D58836F00359A53 /* HCLoginRegisterViewController.xib in Resources */ = {isa = PBXBuildFile; fileRef = D26E88271D58836F00359A53 /* HCLoginRegisterViewController.xib */; };
		D279E9E61D60669C008869B3 /* HCConst.m in Sources */ = {isa = PBXBuildFile; fileRef = D279E9E51D60669C008869B3 /* HCConst.m */; };
		D279E9E91D606B28008869B3 /* HCTopicCell.m in Sources */ = {isa = PBXBuildFile; fileRef = D279E9E81D606B28008869B3 /* HCTopicCell.m */; };
		D279E9EB1D606B3A008869B3 /* HCTopicCell.xib in Resources */ = {isa = PBXBuildFile; fileRef = D279E9EA1D606B3A008869B3 /* HCTopicCell.xib */; };
		D27A05601D65AD0C00B8F16B /* HCTopicPictureView.m in Sources */ = {isa = PBXBuildFile; fileRef = D27A055F1D65AD0C00B8F16B /* HCTopicPictureView.m */; };
		D27A05621D65AD3700B8F16B /* HCTopicPictureView.xib in Resources */ = {isa = PBXBuildFile; fileRef = D27A05611D65AD3700B8F16B /* HCTopicPictureView.xib */; };
		D28D05EE1D6C1DBF00C91ECE /* HCProgressView.m in Sources */ = {isa = PBXBuildFile; fileRef = D28D05ED1D6C1DBF00C91ECE /* HCProgressView.m */; };
		D29207E51D6ACC8700D57FDF /* HCShowPictureViewController.m in Sources */ = {isa = PBXBuildFile; fileRef = D29207E31D6ACC8700D57FDF /* HCShowPictureViewController.m */; };
		D29207E61D6ACC8700D57FDF /* HCShowPictureViewController.xib in Resources */ = {isa = PBXBuildFile; fileRef = D29207E41D6ACC8700D57FDF /* HCShowPictureViewController.xib */; };
		D2BEC68D1D6209DF001A5275 /* NSDate+HCExtension.m in Sources */ = {isa = PBXBuildFile; fileRef = D2BEC68C1D6209DF001A5275 /* NSDate+HCExtension.m */; };
		D2FE96F31D635A47002BFCE9 /* HCTopicViewController.m in Sources */ = {isa = PBXBuildFile; fileRef = D2FE96F21D635A47002BFCE9 /* HCTopicViewController.m */; };
/* End PBXBuildFile section */

/* Begin PBXFileReference section */
		3CB520623F7789528BC24339 /* Pods.release.xcconfig */ = {isa = PBXFileReference; includeInIndex = 1; lastKnownFileType = text.xcconfig; name = Pods.release.xcconfig; path = "Pods/Target Support Files/Pods/Pods.release.xcconfig"; sourceTree = "<group>"; };
		4616DD69AE0071412E300618 /* Pods.debug.xcconfig */ = {isa = PBXFileReference; includeInIndex = 1; lastKnownFileType = text.xcconfig; name = Pods.debug.xcconfig; path = "Pods/Target Support Files/Pods/Pods.debug.xcconfig"; sourceTree = "<group>"; };
		94676BF8A38BC1106CAB6258 /* libPods.a */ = {isa = PBXFileReference; explicitFileType = archive.ar; includeInIndex = 0; path = libPods.a; sourceTree = BUILT_PRODUCTS_DIR; };
		D2174CA71D4E0F00009EA3EB /* 百思不得姐.app */ = {isa = PBXFileReference; explicitFileType = wrapper.application; includeInIndex = 0; path = "百思不得姐.app"; sourceTree = BUILT_PRODUCTS_DIR; };
		D2174CB61D4E0F00009EA3EB /* Assets.xcassets */ = {isa = PBXFileReference; lastKnownFileType = folder.assetcatalog; path = Assets.xcassets; sourceTree = "<group>"; };
		D2174CBB1D4E0F00009EA3EB /* Info.plist */ = {isa = PBXFileReference; lastKnownFileType = text.plist.xml; path = Info.plist; sourceTree = "<group>"; };
		D2174CDD1D4EFE36009EA3EB /* HCEssenceViewController.h */ = {isa = PBXFileReference; fileEncoding = 4; lastKnownFileType = sourcecode.c.h; path = HCEssenceViewController.h; sourceTree = "<group>"; };
		D2174CDE1D4EFE36009EA3EB /* HCEssenceViewController.m */ = {isa = PBXFileReference; fileEncoding = 4; lastKnownFileType = sourcecode.c.objc; path = HCEssenceViewController.m; sourceTree = "<group>"; };
		D2174CE31D4EFE36009EA3EB /* HCFriendTrendsViewController.h */ = {isa = PBXFileReference; fileEncoding = 4; lastKnownFileType = sourcecode.c.h; path = HCFriendTrendsViewController.h; sourceTree = "<group>"; };
		D2174CE41D4EFE36009EA3EB /* HCFriendTrendsViewController.m */ = {isa = PBXFileReference; fileEncoding = 4; lastKnownFileType = sourcecode.c.objc; path = HCFriendTrendsViewController.m; sourceTree = "<group>"; };
		D2174CE91D4EFE36009EA3EB /* HCMeViewController.h */ = {isa = PBXFileReference; fileEncoding = 4; lastKnownFileType = sourcecode.c.h; path = HCMeViewController.h; sourceTree = "<group>"; };
		D2174CEA1D4EFE36009EA3EB /* HCMeViewController.m */ = {isa = PBXFileReference; fileEncoding = 4; lastKnownFileType = sourcecode.c.objc; path = HCMeViewController.m; sourceTree = "<group>"; };
		D2174CEF1D4EFE36009EA3EB /* HCNewViewController.h */ = {isa = PBXFileReference; fileEncoding = 4; lastKnownFileType = sourcecode.c.h; path = HCNewViewController.h; sourceTree = "<group>"; };
		D2174CF01D4EFE36009EA3EB /* HCNewViewController.m */ = {isa = PBXFileReference; fileEncoding = 4; lastKnownFileType = sourcecode.c.objc; path = HCNewViewController.m; sourceTree = "<group>"; };
		D2174CF41D4EFE36009EA3EB /* AppDelegate.h */ = {isa = PBXFileReference; fileEncoding = 4; lastKnownFileType = sourcecode.c.h; path = AppDelegate.h; sourceTree = "<group>"; };
		D2174CF51D4EFE36009EA3EB /* AppDelegate.m */ = {isa = PBXFileReference; fileEncoding = 4; lastKnownFileType = sourcecode.c.objc; path = AppDelegate.m; sourceTree = "<group>"; };
		D2174CF71D4EFE36009EA3EB /* UIBarButtonItem+HCExtension.h */ = {isa = PBXFileReference; fileEncoding = 4; lastKnownFileType = sourcecode.c.h; path = "UIBarButtonItem+HCExtension.h"; sourceTree = "<group>"; };
		D2174CF81D4EFE36009EA3EB /* UIBarButtonItem+HCExtension.m */ = {isa = PBXFileReference; fileEncoding = 4; lastKnownFileType = sourcecode.c.objc; path = "UIBarButtonItem+HCExtension.m"; sourceTree = "<group>"; };
		D2174CF91D4EFE36009EA3EB /* UIView+HCExtension.h */ = {isa = PBXFileReference; fileEncoding = 4; lastKnownFileType = sourcecode.c.h; path = "UIView+HCExtension.h"; sourceTree = "<group>"; };
		D2174CFA1D4EFE36009EA3EB /* UIView+HCExtension.m */ = {isa = PBXFileReference; fileEncoding = 4; lastKnownFileType = sourcecode.c.objc; path = "UIView+HCExtension.m"; sourceTree = "<group>"; };
		D2174CFC1D4EFE36009EA3EB /* HCTabBarViewController.h */ = {isa = PBXFileReference; fileEncoding = 4; lastKnownFileType = sourcecode.c.h; path = HCTabBarViewController.h; sourceTree = "<group>"; };
		D2174CFD1D4EFE36009EA3EB /* HCTabBarViewController.m */ = {isa = PBXFileReference; fileEncoding = 4; lastKnownFileType = sourcecode.c.objc; path = HCTabBarViewController.m; sourceTree = "<group>"; };
		D2174CFE1D4EFE36009EA3EB /* main.m */ = {isa = PBXFileReference; fileEncoding = 4; lastKnownFileType = sourcecode.c.objc; path = main.m; sourceTree = "<group>"; };
		D2174CFF1D4EFE36009EA3EB /* PrefixHeader.pch */ = {isa = PBXFileReference; fileEncoding = 4; lastKnownFileType = sourcecode.c.h; path = PrefixHeader.pch; sourceTree = "<group>"; };
		D2174D011D4EFE36009EA3EB /* HCTabBar.h */ = {isa = PBXFileReference; fileEncoding = 4; lastKnownFileType = sourcecode.c.h; path = HCTabBar.h; sourceTree = "<group>"; };
		D2174D021D4EFE36009EA3EB /* HCTabBar.m */ = {isa = PBXFileReference; fileEncoding = 4; lastKnownFileType = sourcecode.c.objc; path = HCTabBar.m; sourceTree = "<group>"; };
		D2174D161D4F8BFA009EA3EB /* HCNavigationController.h */ = {isa = PBXFileReference; fileEncoding = 4; lastKnownFileType = sourcecode.c.h; path = HCNavigationController.h; sourceTree = "<group>"; };
		D2174D171D4F8BFA009EA3EB /* HCNavigationController.m */ = {isa = PBXFileReference; fileEncoding = 4; lastKnownFileType = sourcecode.c.objc; path = HCNavigationController.m; sourceTree = "<group>"; };
		D2174D191D4F90F7009EA3EB /* HCFriendTrendsViewController.xib */ = {isa = PBXFileReference; fileEncoding = 4; lastKnownFileType = file.xib; path = HCFriendTrendsViewController.xib; sourceTree = "<group>"; };
		D24876F71D5AE44D007523B3 /* HCVerticalButton.h */ = {isa = PBXFileReference; fileEncoding = 4; lastKnownFileType = sourcecode.c.h; path = HCVerticalButton.h; sourceTree = "<group>"; };
		D24876F81D5AE44D007523B3 /* HCVerticalButton.m */ = {isa = PBXFileReference; fileEncoding = 4; lastKnownFileType = sourcecode.c.objc; path = HCVerticalButton.m; sourceTree = "<group>"; };
		D24DF75D1D51CC2F000D1284 /* HCRecommendCategory.h */ = {isa = PBXFileReference; fileEncoding = 4; lastKnownFileType = sourcecode.c.h; path = HCRecommendCategory.h; sourceTree = "<group>"; };
		D24DF75E1D51CC2F000D1284 /* HCRecommendCategory.m */ = {isa = PBXFileReference; fileEncoding = 4; lastKnownFileType = sourcecode.c.objc; path = HCRecommendCategory.m; sourceTree = "<group>"; };
		D24DF7601D51CD02000D1284 /* HCRecommendCategoryCell.h */ = {isa = PBXFileReference; fileEncoding = 4; lastKnownFileType = sourcecode.c.h; path = HCRecommendCategoryCell.h; sourceTree = "<group>"; };
		D24DF7611D51CD02000D1284 /* HCRecommendCategoryCell.m */ = {isa = PBXFileReference; fileEncoding = 4; lastKnownFileType = sourcecode.c.objc; path = HCRecommendCategoryCell.m; sourceTree = "<group>"; };
		D24DF7621D51CD02000D1284 /* HCRecommendCategoryCell.xib */ = {isa = PBXFileReference; fileEncoding = 4; lastKnownFileType = file.xib; path = HCRecommendCategoryCell.xib; sourceTree = "<group>"; };
		D24DF7651D521361000D1284 /* HCRecommendUser.h */ = {isa = PBXFileReference; fileEncoding = 4; lastKnownFileType = sourcecode.c.h; path = HCRecommendUser.h; sourceTree = "<group>"; };
		D24DF7661D521361000D1284 /* HCRecommendUser.m */ = {isa = PBXFileReference; fileEncoding = 4; lastKnownFileType = sourcecode.c.objc; path = HCRecommendUser.m; sourceTree = "<group>"; };
		D24DF76B1D52165E000D1284 /* HCRecommendUserCell.h */ = {isa = PBXFileReference; fileEncoding = 4; lastKnownFileType = sourcecode.c.h; path = HCRecommendUserCell.h; sourceTree = "<group>"; };
		D24DF76C1D52165E000D1284 /* HCRecommendUserCell.m */ = {isa = PBXFileReference; fileEncoding = 4; lastKnownFileType = sourcecode.c.objc; path = HCRecommendUserCell.m; sourceTree = "<group>"; };
		D24DF76D1D52165E000D1284 /* HCRecommendUserCell.xib */ = {isa = PBXFileReference; fileEncoding = 4; lastKnownFileType = file.xib; path = HCRecommendUserCell.xib; sourceTree = "<group>"; };
		D25A581A1D5DF8E700236AD8 /* HCTopic.h */ = {isa = PBXFileReference; fileEncoding = 4; lastKnownFileType = sourcecode.c.h; path = HCTopic.h; sourceTree = "<group>"; };
		D25A581B1D5DF8E700236AD8 /* HCTopic.m */ = {isa = PBXFileReference; fileEncoding = 4; lastKnownFileType = sourcecode.c.objc; path = HCTopic.m; sourceTree = "<group>"; };
		D25FFAFA1D505A4C00085927 /* HCRecommendViewController.h */ = {isa = PBXFileReference; fileEncoding = 4; lastKnownFileType = sourcecode.c.h; path = HCRecommendViewController.h; sourceTree = "<group>"; };
		D25FFAFB1D505A4C00085927 /* HCRecommendViewController.m */ = {isa = PBXFileReference; fileEncoding = 4; lastKnownFileType = sourcecode.c.objc; path = HCRecommendViewController.m; sourceTree = "<group>"; };
		D25FFAFC1D505A4C00085927 /* HCRecommendViewController.xib */ = {isa = PBXFileReference; fileEncoding = 4; lastKnownFileType = file.xib; path = HCRecommendViewController.xib; sourceTree = "<group>"; };
		D260EEEA1D5B0C69002B84BE /* HCTextField.h */ = {isa = PBXFileReference; fileEncoding = 4; lastKnownFileType = sourcecode.c.h; path = HCTextField.h; sourceTree = "<group>"; };
		D260EEEB1D5B0C69002B84BE /* HCTextField.m */ = {isa = PBXFileReference; fileEncoding = 4; lastKnownFileType = sourcecode.c.objc; path = HCTextField.m; sourceTree = "<group>"; };
		D260EEF71D5B22DE002B84BE /* HCPushGuideView.h */ = {isa = PBXFileReference; fileEncoding = 4; lastKnownFileType = sourcecode.c.h; path = HCPushGuideView.h; sourceTree = "<group>"; };
		D260EEF81D5B22DE002B84BE /* HCPushGuideView.m */ = {isa = PBXFileReference; fileEncoding = 4; lastKnownFileType = sourcecode.c.objc; path = HCPushGuideView.m; sourceTree = "<group>"; };
		D260EEFA1D5B22E8002B84BE /* HCPushGuideView.xib */ = {isa = PBXFileReference; fileEncoding = 4; lastKnownFileType = file.xib; path = HCPushGuideView.xib; sourceTree = "<group>"; };
		D2630F521D54796E00D0C7EE /* HCRecommendTagCell.h */ = {isa = PBXFileReference; fileEncoding = 4; lastKnownFileType = sourcecode.c.h; path = HCRecommendTagCell.h; sourceTree = "<group>"; };
		D2630F531D54796E00D0C7EE /* HCRecommendTagCell.m */ = {isa = PBXFileReference; fileEncoding = 4; lastKnownFileType = sourcecode.c.objc; path = HCRecommendTagCell.m; sourceTree = "<group>"; };
		D2630F541D54796E00D0C7EE /* HCRecommendTagCell.xib */ = {isa = PBXFileReference; fileEncoding = 4; lastKnownFileType = file.xib; path = HCRecommendTagCell.xib; sourceTree = "<group>"; };
		D2630F571D547A0E00D0C7EE /* HCRecommendTagViewController.h */ = {isa = PBXFileReference; fileEncoding = 4; lastKnownFileType = sourcecode.c.h; path = HCRecommendTagViewController.h; sourceTree = "<group>"; };
		D2630F581D547A0E00D0C7EE /* HCRecommendTagViewController.m */ = {isa = PBXFileReference; fileEncoding = 4; lastKnownFileType = sourcecode.c.objc; path = HCRecommendTagViewController.m; sourceTree = "<group>"; };
		D2630F5A1D54841900D0C7EE /* HCRecommendTag.h */ = {isa = PBXFileReference; fileEncoding = 4; lastKnownFileType = sourcecode.c.h; path = HCRecommendTag.h; sourceTree = "<group>"; };
		D2630F5B1D54841900D0C7EE /* HCRecommendTag.m */ = {isa = PBXFileReference; fileEncoding = 4; lastKnownFileType = sourcecode.c.objc; path = HCRecommendTag.m; sourceTree = "<group>"; };
		D26E88241D58836100359A53 /* HCLoginRegisterViewController.h */ = {isa = PBXFileReference; fileEncoding = 4; lastKnownFileType = sourcecode.c.h; path = HCLoginRegisterViewController.h; sourceTree = "<group>"; };
		D26E88251D58836100359A53 /* HCLoginRegisterViewController.m */ = {isa = PBXFileReference; fileEncoding = 4; lastKnownFileType = sourcecode.c.objc; path = HCLoginRegisterViewController.m; sourceTree = "<group>"; };
		D26E88271D58836F00359A53 /* HCLoginRegisterViewController.xib */ = {isa = PBXFileReference; fileEncoding = 4; lastKnownFileType = file.xib; path = HCLoginRegisterViewController.xib; sourceTree = "<group>"; };
		D279E9E41D60669C008869B3 /* HCConst.h */ = {isa = PBXFileReference; fileEncoding = 4; lastKnownFileType = sourcecode.c.h; path = HCConst.h; sourceTree = "<group>"; };
		D279E9E51D60669C008869B3 /* HCConst.m */ = {isa = PBXFileReference; fileEncoding = 4; lastKnownFileType = sourcecode.c.objc; path = HCConst.m; sourceTree = "<group>"; };
		D279E9E71D606B28008869B3 /* HCTopicCell.h */ = {isa = PBXFileReference; fileEncoding = 4; lastKnownFileType = sourcecode.c.h; path = HCTopicCell.h; sourceTree = "<group>"; };
		D279E9E81D606B28008869B3 /* HCTopicCell.m */ = {isa = PBXFileReference; fileEncoding = 4; lastKnownFileType = sourcecode.c.objc; path = HCTopicCell.m; sourceTree = "<group>"; };
		D279E9EA1D606B3A008869B3 /* HCTopicCell.xib */ = {isa = PBXFileReference; fileEncoding = 4; lastKnownFileType = file.xib; path = HCTopicCell.xib; sourceTree = "<group>"; };
		D27A055E1D65AD0C00B8F16B /* HCTopicPictureView.h */ = {isa = PBXFileReference; fileEncoding = 4; lastKnownFileType = sourcecode.c.h; path = HCTopicPictureView.h; sourceTree = "<group>"; };
		D27A055F1D65AD0C00B8F16B /* HCTopicPictureView.m */ = {isa = PBXFileReference; fileEncoding = 4; lastKnownFileType = sourcecode.c.objc; path = HCTopicPictureView.m; sourceTree = "<group>"; };
		D27A05611D65AD3700B8F16B /* HCTopicPictureView.xib */ = {isa = PBXFileReference; fileEncoding = 4; lastKnownFileType = file.xib; path = HCTopicPictureView.xib; sourceTree = "<group>"; };
		D28D05EC1D6C1DBF00C91ECE /* HCProgressView.h */ = {isa = PBXFileReference; fileEncoding = 4; lastKnownFileType = sourcecode.c.h; path = HCProgressView.h; sourceTree = "<group>"; };
		D28D05ED1D6C1DBF00C91ECE /* HCProgressView.m */ = {isa = PBXFileReference; fileEncoding = 4; lastKnownFileType = sourcecode.c.objc; path = HCProgressView.m; sourceTree = "<group>"; };
		D29207E21D6ACC8700D57FDF /* HCShowPictureViewController.h */ = {isa = PBXFileReference; fileEncoding = 4; lastKnownFileType = sourcecode.c.h; path = HCShowPictureViewController.h; sourceTree = "<group>"; };
		D29207E31D6ACC8700D57FDF /* HCShowPictureViewController.m */ = {isa = PBXFileReference; fileEncoding = 4; lastKnownFileType = sourcecode.c.objc; path = HCShowPictureViewController.m; sourceTree = "<group>"; };
		D29207E41D6ACC8700D57FDF /* HCShowPictureViewController.xib */ = {isa = PBXFileReference; fileEncoding = 4; lastKnownFileType = file.xib; path = HCShowPictureViewController.xib; sourceTree = "<group>"; };
		D2BEC68B1D6209DF001A5275 /* NSDate+HCExtension.h */ = {isa = PBXFileReference; fileEncoding = 4; lastKnownFileType = sourcecode.c.h; path = "NSDate+HCExtension.h"; sourceTree = "<group>"; };
		D2BEC68C1D6209DF001A5275 /* NSDate+HCExtension.m */ = {isa = PBXFileReference; fileEncoding = 4; lastKnownFileType = sourcecode.c.objc; path = "NSDate+HCExtension.m"; sourceTree = "<group>"; };
		D2FE96F11D635A47002BFCE9 /* HCTopicViewController.h */ = {isa = PBXFileReference; fileEncoding = 4; lastKnownFileType = sourcecode.c.h; path = HCTopicViewController.h; sourceTree = "<group>"; };
		D2FE96F21D635A47002BFCE9 /* HCTopicViewController.m */ = {isa = PBXFileReference; fileEncoding = 4; lastKnownFileType = sourcecode.c.objc; path = HCTopicViewController.m; sourceTree = "<group>"; };
/* End PBXFileReference section */

/* Begin PBXFrameworksBuildPhase section */
		D2174CA41D4E0F00009EA3EB /* Frameworks */ = {
			isa = PBXFrameworksBuildPhase;
			buildActionMask = 2147483647;
			files = (
				736D9AA0D8AEC3D38F042B2E /* libPods.a in Frameworks */,
			);
			runOnlyForDeploymentPostprocessing = 0;
		};
/* End PBXFrameworksBuildPhase section */

/* Begin PBXGroup section */
		0830BD65B8DAC72EC169912C /* Pods */ = {
			isa = PBXGroup;
			children = (
				4616DD69AE0071412E300618 /* Pods.debug.xcconfig */,
				3CB520623F7789528BC24339 /* Pods.release.xcconfig */,
			);
			name = Pods;
			sourceTree = "<group>";
		};
		B046E6AA2B5BA95F09A9BBBE /* Frameworks */ = {
			isa = PBXGroup;
			children = (
				94676BF8A38BC1106CAB6258 /* libPods.a */,
			);
			name = Frameworks;
			sourceTree = "<group>";
		};
		D2174C9E1D4E0F00009EA3EB = {
			isa = PBXGroup;
			children = (
				D2174CDA1D4EFE36009EA3EB /* Classes */,
				D2174CA91D4E0F00009EA3EB /* 百思不得姐 */,
				D2174CA81D4E0F00009EA3EB /* Products */,
				0830BD65B8DAC72EC169912C /* Pods */,
				B046E6AA2B5BA95F09A9BBBE /* Frameworks */,
			);
			sourceTree = "<group>";
		};
		D2174CA81D4E0F00009EA3EB /* Products */ = {
			isa = PBXGroup;
			children = (
				D2174CA71D4E0F00009EA3EB /* 百思不得姐.app */,
			);
			name = Products;
			sourceTree = "<group>";
		};
		D2174CA91D4E0F00009EA3EB /* 百思不得姐 */ = {
			isa = PBXGroup;
			children = (
				D2174CAA1D4E0F00009EA3EB /* Supporting Files */,
			);
			path = "百思不得姐";
			sourceTree = "<group>";
		};
		D2174CAA1D4E0F00009EA3EB /* Supporting Files */ = {
			isa = PBXGroup;
			children = (
				D2174CB61D4E0F00009EA3EB /* Assets.xcassets */,
				D2174CBB1D4E0F00009EA3EB /* Info.plist */,
			);
			name = "Supporting Files";
			sourceTree = "<group>";
		};
		D2174CDA1D4EFE36009EA3EB /* Classes */ = {
			isa = PBXGroup;
			children = (
				D2174CDB1D4EFE36009EA3EB /* Essence-精华 */,
				D2174CED1D4EFE36009EA3EB /* New-新帖 */,
				D2174CE11D4EFE36009EA3EB /* FriendTrends-关注 */,
				D2174CE71D4EFE36009EA3EB /* Me-我 */,
				D2174CF31D4EFE36009EA3EB /* Other-其他 */,
			);
			name = Classes;
			path = "百思不得姐/Classes";
			sourceTree = "<group>";
		};
		D2174CDB1D4EFE36009EA3EB /* Essence-精华 */ = {
			isa = PBXGroup;
			children = (
				D2174CDC1D4EFE36009EA3EB /* Controller */,
				D2174CDF1D4EFE36009EA3EB /* Model */,
				D2174CE01D4EFE36009EA3EB /* View */,
			);
			path = "Essence-精华";
			sourceTree = "<group>";
		};
		D2174CDC1D4EFE36009EA3EB /* Controller */ = {
			isa = PBXGroup;
			children = (
				D2174CDD1D4EFE36009EA3EB /* HCEssenceViewController.h */,
				D2174CDE1D4EFE36009EA3EB /* HCEssenceViewController.m */,
				D2630F571D547A0E00D0C7EE /* HCRecommendTagViewController.h */,
				D2630F581D547A0E00D0C7EE /* HCRecommendTagViewController.m */,
				D2FE96F11D635A47002BFCE9 /* HCTopicViewController.h */,
				D2FE96F21D635A47002BFCE9 /* HCTopicViewController.m */,
				D29207E21D6ACC8700D57FDF /* HCShowPictureViewController.h */,
				D29207E31D6ACC8700D57FDF /* HCShowPictureViewController.m */,
				D29207E41D6ACC8700D57FDF /* HCShowPictureViewController.xib */,
			);
			path = Controller;
			sourceTree = "<group>";
		};
		D2174CDF1D4EFE36009EA3EB /* Model */ = {
			isa = PBXGroup;
			children = (
				D2630F5A1D54841900D0C7EE /* HCRecommendTag.h */,
				D2630F5B1D54841900D0C7EE /* HCRecommendTag.m */,
				D25A581A1D5DF8E700236AD8 /* HCTopic.h */,
				D25A581B1D5DF8E700236AD8 /* HCTopic.m */,
			);
			path = Model;
			sourceTree = "<group>";
		};
		D2174CE01D4EFE36009EA3EB /* View */ = {
			isa = PBXGroup;
			children = (
				D2630F521D54796E00D0C7EE /* HCRecommendTagCell.h */,
				D2630F531D54796E00D0C7EE /* HCRecommendTagCell.m */,
				D2630F541D54796E00D0C7EE /* HCRecommendTagCell.xib */,
				D279E9E71D606B28008869B3 /* HCTopicCell.h */,
				D279E9E81D606B28008869B3 /* HCTopicCell.m */,
				D279E9EA1D606B3A008869B3 /* HCTopicCell.xib */,
				D27A055E1D65AD0C00B8F16B /* HCTopicPictureView.h */,
				D27A055F1D65AD0C00B8F16B /* HCTopicPictureView.m */,
				D27A05611D65AD3700B8F16B /* HCTopicPictureView.xib */,
				D28D05EC1D6C1DBF00C91ECE /* HCProgressView.h */,
				D28D05ED1D6C1DBF00C91ECE /* HCProgressView.m */,
			);
			path = View;
			sourceTree = "<group>";
		};
		D2174CE11D4EFE36009EA3EB /* FriendTrends-关注 */ = {
			isa = PBXGroup;
			children = (
				D2174CE21D4EFE36009EA3EB /* Controller */,
				D2174CE51D4EFE36009EA3EB /* Model */,
				D2174CE61D4EFE36009EA3EB /* View */,
			);
			path = "FriendTrends-关注";
			sourceTree = "<group>";
		};
		D2174CE21D4EFE36009EA3EB /* Controller */ = {
			isa = PBXGroup;
			children = (
				D2174CE31D4EFE36009EA3EB /* HCFriendTrendsViewController.h */,
				D2174CE41D4EFE36009EA3EB /* HCFriendTrendsViewController.m */,
				D2174D191D4F90F7009EA3EB /* HCFriendTrendsViewController.xib */,
				D25FFAFA1D505A4C00085927 /* HCRecommendViewController.h */,
				D25FFAFB1D505A4C00085927 /* HCRecommendViewController.m */,
				D25FFAFC1D505A4C00085927 /* HCRecommendViewController.xib */,
				D26E88241D58836100359A53 /* HCLoginRegisterViewController.h */,
				D26E88251D58836100359A53 /* HCLoginRegisterViewController.m */,
				D26E88271D58836F00359A53 /* HCLoginRegisterViewController.xib */,
			);
			path = Controller;
			sourceTree = "<group>";
		};
		D2174CE51D4EFE36009EA3EB /* Model */ = {
			isa = PBXGroup;
			children = (
				D24DF75D1D51CC2F000D1284 /* HCRecommendCategory.h */,
				D24DF75E1D51CC2F000D1284 /* HCRecommendCategory.m */,
				D24DF7651D521361000D1284 /* HCRecommendUser.h */,
				D24DF7661D521361000D1284 /* HCRecommendUser.m */,
			);
			path = Model;
			sourceTree = "<group>";
		};
		D2174CE61D4EFE36009EA3EB /* View */ = {
			isa = PBXGroup;
			children = (
				D24DF7601D51CD02000D1284 /* HCRecommendCategoryCell.h */,
				D24DF7611D51CD02000D1284 /* HCRecommendCategoryCell.m */,
				D24DF7621D51CD02000D1284 /* HCRecommendCategoryCell.xib */,
				D24DF76B1D52165E000D1284 /* HCRecommendUserCell.h */,
				D24DF76C1D52165E000D1284 /* HCRecommendUserCell.m */,
				D24DF76D1D52165E000D1284 /* HCRecommendUserCell.xib */,
				D24876F71D5AE44D007523B3 /* HCVerticalButton.h */,
				D24876F81D5AE44D007523B3 /* HCVerticalButton.m */,
				D260EEEA1D5B0C69002B84BE /* HCTextField.h */,
				D260EEEB1D5B0C69002B84BE /* HCTextField.m */,
			);
			path = View;
			sourceTree = "<group>";
		};
		D2174CE71D4EFE36009EA3EB /* Me-我 */ = {
			isa = PBXGroup;
			children = (
				D2174CE81D4EFE36009EA3EB /* Controller */,
				D2174CEB1D4EFE36009EA3EB /* Model */,
				D2174CEC1D4EFE36009EA3EB /* View */,
			);
			path = "Me-我";
			sourceTree = "<group>";
		};
		D2174CE81D4EFE36009EA3EB /* Controller */ = {
			isa = PBXGroup;
			children = (
				D2174CE91D4EFE36009EA3EB /* HCMeViewController.h */,
				D2174CEA1D4EFE36009EA3EB /* HCMeViewController.m */,
			);
			path = Controller;
			sourceTree = "<group>";
		};
		D2174CEB1D4EFE36009EA3EB /* Model */ = {
			isa = PBXGroup;
			children = (
			);
			path = Model;
			sourceTree = "<group>";
		};
		D2174CEC1D4EFE36009EA3EB /* View */ = {
			isa = PBXGroup;
			children = (
			);
			path = View;
			sourceTree = "<group>";
		};
		D2174CED1D4EFE36009EA3EB /* New-新帖 */ = {
			isa = PBXGroup;
			children = (
				D2174CEE1D4EFE36009EA3EB /* Controller */,
				D2174CF11D4EFE36009EA3EB /* Model */,
				D2174CF21D4EFE36009EA3EB /* View */,
			);
			path = "New-新帖";
			sourceTree = "<group>";
		};
		D2174CEE1D4EFE36009EA3EB /* Controller */ = {
			isa = PBXGroup;
			children = (
				D2174CEF1D4EFE36009EA3EB /* HCNewViewController.h */,
				D2174CF01D4EFE36009EA3EB /* HCNewViewController.m */,
			);
			path = Controller;
			sourceTree = "<group>";
		};
		D2174CF11D4EFE36009EA3EB /* Model */ = {
			isa = PBXGroup;
			children = (
			);
			path = Model;
			sourceTree = "<group>";
		};
		D2174CF21D4EFE36009EA3EB /* View */ = {
			isa = PBXGroup;
			children = (
			);
			path = View;
			sourceTree = "<group>";
		};
		D2174CF31D4EFE36009EA3EB /* Other-其他 */ = {
			isa = PBXGroup;
			children = (
				D2174CFB1D4EFE36009EA3EB /* Controller */,
				D2174D001D4EFE36009EA3EB /* View */,
				D2174CF61D4EFE36009EA3EB /* Category */,
				D2174CF41D4EFE36009EA3EB /* AppDelegate.h */,
				D2174CF51D4EFE36009EA3EB /* AppDelegate.m */,
				D2174CFE1D4EFE36009EA3EB /* main.m */,
				D279E9E41D60669C008869B3 /* HCConst.h */,
				D279E9E51D60669C008869B3 /* HCConst.m */,
				D2174CFF1D4EFE36009EA3EB /* PrefixHeader.pch */,
			);
			path = "Other-其他";
			sourceTree = "<group>";
		};
		D2174CF61D4EFE36009EA3EB /* Category */ = {
			isa = PBXGroup;
			children = (
				D2174CF71D4EFE36009EA3EB /* UIBarButtonItem+HCExtension.h */,
				D2174CF81D4EFE36009EA3EB /* UIBarButtonItem+HCExtension.m */,
				D2174CF91D4EFE36009EA3EB /* UIView+HCExtension.h */,
				D2174CFA1D4EFE36009EA3EB /* UIView+HCExtension.m */,
				D2BEC68B1D6209DF001A5275 /* NSDate+HCExtension.h */,
				D2BEC68C1D6209DF001A5275 /* NSDate+HCExtension.m */,
			);
			path = Category;
			sourceTree = "<group>";
		};
		D2174CFB1D4EFE36009EA3EB /* Controller */ = {
			isa = PBXGroup;
			children = (
				D2174D161D4F8BFA009EA3EB /* HCNavigationController.h */,
				D2174D171D4F8BFA009EA3EB /* HCNavigationController.m */,
				D2174CFC1D4EFE36009EA3EB /* HCTabBarViewController.h */,
				D2174CFD1D4EFE36009EA3EB /* HCTabBarViewController.m */,
			);
			path = Controller;
			sourceTree = "<group>";
		};
		D2174D001D4EFE36009EA3EB /* View */ = {
			isa = PBXGroup;
			children = (
				D2174D011D4EFE36009EA3EB /* HCTabBar.h */,
				D2174D021D4EFE36009EA3EB /* HCTabBar.m */,
				D260EEF71D5B22DE002B84BE /* HCPushGuideView.h */,
				D260EEF81D5B22DE002B84BE /* HCPushGuideView.m */,
				D260EEFA1D5B22E8002B84BE /* HCPushGuideView.xib */,
			);
			path = View;
			sourceTree = "<group>";
		};
/* End PBXGroup section */

/* Begin PBXNativeTarget section */
		D2174CA61D4E0F00009EA3EB /* 百思不得姐 */ = {
			isa = PBXNativeTarget;
			buildConfigurationList = D2174CBE1D4E0F00009EA3EB /* Build configuration list for PBXNativeTarget "百思不得姐" */;
			buildPhases = (
				4EE911ABD8CE4FF48E380CE1 /* Check Pods Manifest.lock */,
				D2174CA31D4E0F00009EA3EB /* Sources */,
				D2174CA41D4E0F00009EA3EB /* Frameworks */,
				D2174CA51D4E0F00009EA3EB /* Resources */,
				9B4A6CC76E7132E73376897D /* Embed Pods Frameworks */,
				7D3895FDD773A0B4DA11E077 /* Copy Pods Resources */,
			);
			buildRules = (
			);
			dependencies = (
			);
			name = "百思不得姐";
			productName = "百思不得姐";
			productReference = D2174CA71D4E0F00009EA3EB /* 百思不得姐.app */;
			productType = "com.apple.product-type.application";
		};
/* End PBXNativeTarget section */

/* Begin PBXProject section */
		D2174C9F1D4E0F00009EA3EB /* Project object */ = {
			isa = PBXProject;
			attributes = {
				CLASSPREFIX = HC;
				LastUpgradeCheck = 0730;
				ORGANIZATIONNAME = "成 黄";
				TargetAttributes = {
					D2174CA61D4E0F00009EA3EB = {
						CreatedOnToolsVersion = 7.3;
						DevelopmentTeam = 2W2W3W7F27;
					};
				};
			};
			buildConfigurationList = D2174CA21D4E0F00009EA3EB /* Build configuration list for PBXProject "百思不得姐" */;
			compatibilityVersion = "Xcode 3.2";
			developmentRegion = English;
			hasScannedForEncodings = 0;
			knownRegions = (
				en,
				Base,
			);
			mainGroup = D2174C9E1D4E0F00009EA3EB;
			productRefGroup = D2174CA81D4E0F00009EA3EB /* Products */;
			projectDirPath = "";
			projectRoot = "";
			targets = (
				D2174CA61D4E0F00009EA3EB /* 百思不得姐 */,
			);
		};
/* End PBXProject section */

/* Begin PBXResourcesBuildPhase section */
		D2174CA51D4E0F00009EA3EB /* Resources */ = {
			isa = PBXResourcesBuildPhase;
			buildActionMask = 2147483647;
			files = (
				D260EEFB1D5B22E8002B84BE /* HCPushGuideView.xib in Resources */,
				D26E88281D58836F00359A53 /* HCLoginRegisterViewController.xib in Resources */,
				D24DF76F1D52165E000D1284 /* HCRecommendUserCell.xib in Resources */,
				D25FFAFE1D505A4C00085927 /* HCRecommendViewController.xib in Resources */,
				D2630F561D54796E00D0C7EE /* HCRecommendTagCell.xib in Resources */,
				D2174D1A1D4F90F7009EA3EB /* HCFriendTrendsViewController.xib in Resources */,
				D27A05621D65AD3700B8F16B /* HCTopicPictureView.xib in Resources */,
				D29207E61D6ACC8700D57FDF /* HCShowPictureViewController.xib in Resources */,
				D2174CB71D4E0F00009EA3EB /* Assets.xcassets in Resources */,
				D24DF7641D51CD02000D1284 /* HCRecommendCategoryCell.xib in Resources */,
				D279E9EB1D606B3A008869B3 /* HCTopicCell.xib in Resources */,
			);
			runOnlyForDeploymentPostprocessing = 0;
		};
/* End PBXResourcesBuildPhase section */

/* Begin PBXShellScriptBuildPhase section */
		4EE911ABD8CE4FF48E380CE1 /* Check Pods Manifest.lock */ = {
			isa = PBXShellScriptBuildPhase;
			buildActionMask = 2147483647;
			files = (
			);
			inputPaths = (
			);
			name = "Check Pods Manifest.lock";
			outputPaths = (
			);
			runOnlyForDeploymentPostprocessing = 0;
			shellPath = /bin/sh;
			shellScript = "diff \"${PODS_ROOT}/../Podfile.lock\" \"${PODS_ROOT}/Manifest.lock\" > /dev/null\nif [[ $? != 0 ]] ; then\n    cat << EOM\nerror: The sandbox is not in sync with the Podfile.lock. Run 'pod install' or update your CocoaPods installation.\nEOM\n    exit 1\nfi\n";
			showEnvVarsInLog = 0;
		};
		7D3895FDD773A0B4DA11E077 /* Copy Pods Resources */ = {
			isa = PBXShellScriptBuildPhase;
			buildActionMask = 2147483647;
			files = (
			);
			inputPaths = (
			);
			name = "Copy Pods Resources";
			outputPaths = (
			);
			runOnlyForDeploymentPostprocessing = 0;
			shellPath = /bin/sh;
			shellScript = "\"${SRCROOT}/Pods/Target Support Files/Pods/Pods-resources.sh\"\n";
			showEnvVarsInLog = 0;
		};
		9B4A6CC76E7132E73376897D /* Embed Pods Frameworks */ = {
			isa = PBXShellScriptBuildPhase;
			buildActionMask = 2147483647;
			files = (
			);
			inputPaths = (
			);
			name = "Embed Pods Frameworks";
			outputPaths = (
			);
			runOnlyForDeploymentPostprocessing = 0;
			shellPath = /bin/sh;
			shellScript = "\"${SRCROOT}/Pods/Target Support Files/Pods/Pods-frameworks.sh\"\n";
			showEnvVarsInLog = 0;
		};
/* End PBXShellScriptBuildPhase section */

/* Begin PBXSourcesBuildPhase section */
		D2174CA31D4E0F00009EA3EB /* Sources */ = {
			isa = PBXSourcesBuildPhase;
			buildActionMask = 2147483647;
			files = (
				D24DF7671D521361000D1284 /* HCRecommendUser.m in Sources */,
				D2BEC68D1D6209DF001A5275 /* NSDate+HCExtension.m in Sources */,
				D2630F591D547A0E00D0C7EE /* HCRecommendTagViewController.m in Sources */,
				D2174D061D4EFE36009EA3EB /* HCNewViewController.m in Sources */,
				D2174D0A1D4EFE36009EA3EB /* HCTabBarViewController.m in Sources */,
				D2174D181D4F8BFA009EA3EB /* HCNavigationController.m in Sources */,
				D24DF75F1D51CC2F000D1284 /* HCRecommendCategory.m in Sources */,
				D27A05601D65AD0C00B8F16B /* HCTopicPictureView.m in Sources */,
				D260EEF91D5B22DE002B84BE /* HCPushGuideView.m in Sources */,
				D2FE96F31D635A47002BFCE9 /* HCTopicViewController.m in Sources */,
				D26E88261D58836100359A53 /* HCLoginRegisterViewController.m in Sources */,
				D2174D051D4EFE36009EA3EB /* HCMeViewController.m in Sources */,
				D24876F91D5AE44D007523B3 /* HCVerticalButton.m in Sources */,
				D2174D031D4EFE36009EA3EB /* HCEssenceViewController.m in Sources */,
				D2174D081D4EFE36009EA3EB /* UIBarButtonItem+HCExtension.m in Sources */,
				D279E9E91D606B28008869B3 /* HCTopicCell.m in Sources */,
				D24DF7631D51CD02000D1284 /* HCRecommendCategoryCell.m in Sources */,
				D29207E51D6ACC8700D57FDF /* HCShowPictureViewController.m in Sources */,
				D260EEEC1D5B0C69002B84BE /* HCTextField.m in Sources */,
				D28D05EE1D6C1DBF00C91ECE /* HCProgressView.m in Sources */,
				D279E9E61D60669C008869B3 /* HCConst.m in Sources */,
				D2174D041D4EFE36009EA3EB /* HCFriendTrendsViewController.m in Sources */,
				D25FFAFD1D505A4C00085927 /* HCRecommendViewController.m in Sources */,
				D24DF76E1D52165E000D1284 /* HCRecommendUserCell.m in Sources */,
				D2630F551D54796E00D0C7EE /* HCRecommendTagCell.m in Sources */,
				D2174D091D4EFE36009EA3EB /* UIView+HCExtension.m in Sources */,
				D2174D0B1D4EFE36009EA3EB /* main.m in Sources */,
				D25A581C1D5DF8E700236AD8 /* HCTopic.m in Sources */,
				D2630F5C1D54841900D0C7EE /* HCRecommendTag.m in Sources */,
				D2174D0C1D4EFE36009EA3EB /* HCTabBar.m in Sources */,
				D2174D071D4EFE36009EA3EB /* AppDelegate.m in Sources */,
			);
			runOnlyForDeploymentPostprocessing = 0;
		};
/* End PBXSourcesBuildPhase section */

/* Begin XCBuildConfiguration section */
		D2174CBC1D4E0F00009EA3EB /* Debug */ = {
			isa = XCBuildConfiguration;
			buildSettings = {
				ALWAYS_SEARCH_USER_PATHS = NO;
				CLANG_ANALYZER_NONNULL = YES;
				CLANG_CXX_LANGUAGE_STANDARD = "gnu++0x";
				CLANG_CXX_LIBRARY = "libc++";
				CLANG_ENABLE_MODULES = YES;
				CLANG_ENABLE_OBJC_ARC = YES;
				CLANG_WARN_BOOL_CONVERSION = YES;
				CLANG_WARN_CONSTANT_CONVERSION = YES;
				CLANG_WARN_DIRECT_OBJC_ISA_USAGE = YES_ERROR;
				CLANG_WARN_EMPTY_BODY = YES;
				CLANG_WARN_ENUM_CONVERSION = YES;
				CLANG_WARN_INT_CONVERSION = YES;
				CLANG_WARN_OBJC_ROOT_CLASS = YES_ERROR;
				CLANG_WARN_UNREACHABLE_CODE = YES;
				CLANG_WARN__DUPLICATE_METHOD_MATCH = YES;
				"CODE_SIGN_IDENTITY[sdk=iphoneos*]" = "iPhone Developer";
				COPY_PHASE_STRIP = NO;
				DEBUG_INFORMATION_FORMAT = dwarf;
				ENABLE_STRICT_OBJC_MSGSEND = YES;
				ENABLE_TESTABILITY = YES;
				GCC_C_LANGUAGE_STANDARD = gnu99;
				GCC_DYNAMIC_NO_PIC = NO;
				GCC_NO_COMMON_BLOCKS = YES;
				GCC_OPTIMIZATION_LEVEL = 0;
				GCC_PREPROCESSOR_DEFINITIONS = (
					"DEBUG=1",
					"$(inherited)",
				);
				GCC_WARN_64_TO_32_BIT_CONVERSION = YES;
				GCC_WARN_ABOUT_RETURN_TYPE = YES_ERROR;
				GCC_WARN_UNDECLARED_SELECTOR = YES;
				GCC_WARN_UNINITIALIZED_AUTOS = YES_AGGRESSIVE;
				GCC_WARN_UNUSED_FUNCTION = YES;
				GCC_WARN_UNUSED_VARIABLE = YES;
				IPHONEOS_DEPLOYMENT_TARGET = 9.3;
				MTL_ENABLE_DEBUG_INFO = YES;
				ONLY_ACTIVE_ARCH = YES;
				SDKROOT = iphoneos;
				TARGETED_DEVICE_FAMILY = "1,2";
			};
			name = Debug;
		};
		D2174CBD1D4E0F00009EA3EB /* Release */ = {
			isa = XCBuildConfiguration;
			buildSettings = {
				ALWAYS_SEARCH_USER_PATHS = NO;
				CLANG_ANALYZER_NONNULL = YES;
				CLANG_CXX_LANGUAGE_STANDARD = "gnu++0x";
				CLANG_CXX_LIBRARY = "libc++";
				CLANG_ENABLE_MODULES = YES;
				CLANG_ENABLE_OBJC_ARC = YES;
				CLANG_WARN_BOOL_CONVERSION = YES;
				CLANG_WARN_CONSTANT_CONVERSION = YES;
				CLANG_WARN_DIRECT_OBJC_ISA_USAGE = YES_ERROR;
				CLANG_WARN_EMPTY_BODY = YES;
				CLANG_WARN_ENUM_CONVERSION = YES;
				CLANG_WARN_INT_CONVERSION = YES;
				CLANG_WARN_OBJC_ROOT_CLASS = YES_ERROR;
				CLANG_WARN_UNREACHABLE_CODE = YES;
				CLANG_WARN__DUPLICATE_METHOD_MATCH = YES;
				"CODE_SIGN_IDENTITY[sdk=iphoneos*]" = "iPhone Developer";
				COPY_PHASE_STRIP = NO;
				DEBUG_INFORMATION_FORMAT = "dwarf-with-dsym";
				ENABLE_NS_ASSERTIONS = NO;
				ENABLE_STRICT_OBJC_MSGSEND = YES;
				GCC_C_LANGUAGE_STANDARD = gnu99;
				GCC_NO_COMMON_BLOCKS = YES;
				GCC_WARN_64_TO_32_BIT_CONVERSION = YES;
				GCC_WARN_ABOUT_RETURN_TYPE = YES_ERROR;
				GCC_WARN_UNDECLARED_SELECTOR = YES;
				GCC_WARN_UNINITIALIZED_AUTOS = YES_AGGRESSIVE;
				GCC_WARN_UNUSED_FUNCTION = YES;
				GCC_WARN_UNUSED_VARIABLE = YES;
				IPHONEOS_DEPLOYMENT_TARGET = 9.3;
				MTL_ENABLE_DEBUG_INFO = NO;
				SDKROOT = iphoneos;
				TARGETED_DEVICE_FAMILY = "1,2";
				VALIDATE_PRODUCT = YES;
			};
			name = Release;
		};
		D2174CBF1D4E0F00009EA3EB /* Debug */ = {
			isa = XCBuildConfiguration;
			baseConfigurationReference = 4616DD69AE0071412E300618 /* Pods.debug.xcconfig */;
			buildSettings = {
				ARCHS = "$(ARCHS_STANDARD)";
				ASSETCATALOG_COMPILER_APPICON_NAME = AppIcon;
				ASSETCATALOG_COMPILER_LAUNCHIMAGE_NAME = "Brand Assets";
				CODE_SIGN_IDENTITY = "iPhone Developer";
				"CODE_SIGN_IDENTITY[sdk=iphoneos*]" = "iPhone Developer";
				GCC_PREFIX_HEADER = "百思不得姐/Classes/Other-其他/PrefixHeader.pch";
				INFOPLIST_FILE = "百思不得姐/Info.plist";
				LD_RUNPATH_SEARCH_PATHS = "$(inherited) @executable_path/Frameworks";
				ONLY_ACTIVE_ARCH = YES;
				PRODUCT_BUNDLE_IDENTIFIER = "cn.edu.ecnu.huangcheng.-----";
				PRODUCT_NAME = "$(TARGET_NAME)";
				PROVISIONING_PROFILE = "";
				TARGETED_DEVICE_FAMILY = 1;
				VALID_ARCHS = "arm64 armv7 armv7s";
			};
			name = Debug;
		};
		D2174CC01D4E0F00009EA3EB /* Release */ = {
			isa = XCBuildConfiguration;
			baseConfigurationReference = 3CB520623F7789528BC24339 /* Pods.release.xcconfig */;
			buildSettings = {
				ARCHS = "$(ARCHS_STANDARD)";
				ASSETCATALOG_COMPILER_APPICON_NAME = AppIcon;
				ASSETCATALOG_COMPILER_LAUNCHIMAGE_NAME = "Brand Assets";
				CODE_SIGN_IDENTITY = "iPhone Developer";
				"CODE_SIGN_IDENTITY[sdk=iphoneos*]" = "iPhone Developer";
				GCC_PREFIX_HEADER = "百思不得姐/Classes/Other-其他/PrefixHeader.pch";
				INFOPLIST_FILE = "百思不得姐/Info.plist";
				LD_RUNPATH_SEARCH_PATHS = "$(inherited) @executable_path/Frameworks";
				PRODUCT_BUNDLE_IDENTIFIER = "cn.edu.ecnu.huangcheng.-----";
				PRODUCT_NAME = "$(TARGET_NAME)";
				PROVISIONING_PROFILE = "";
				TARGETED_DEVICE_FAMILY = 1;
				VALID_ARCHS = "arm64 armv7 armv7s";
			};
			name = Release;
		};
/* End XCBuildConfiguration section */

/* Begin XCConfigurationList section */
		D2174CA21D4E0F00009EA3EB /* Build configuration list for PBXProject "百思不得姐" */ = {
			isa = XCConfigurationList;
			buildConfigurations = (
				D2174CBC1D4E0F00009EA3EB /* Debug */,
				D2174CBD1D4E0F00009EA3EB /* Release */,
			);
			defaultConfigurationIsVisible = 0;
			defaultConfigurationName = Release;
		};
		D2174CBE1D4E0F00009EA3EB /* Build configuration list for PBXNativeTarget "百思不得姐" */ = {
			isa = XCConfigurationList;
			buildConfigurations = (
				D2174CBF1D4E0F00009EA3EB /* Debug */,
				D2174CC01D4E0F00009EA3EB /* Release */,
			);
			defaultConfigurationIsVisible = 0;
			defaultConfigurationName = Release;
		};
/* End XCConfigurationList section */
	};
	rootObject = D2174C9F1D4E0F00009EA3EB /* Project object */;
}
