<?xml version="1.0" encoding="UTF-8"?>
<!DOCTYPE plist PUBLIC "-//Apple//DTD PLIST 1.0//EN" "http://www.apple.com/DTDs/PropertyList-1.0.dtd">
<plist version="1.0">
<dict>
	<key>archiveVersion</key>
	<string>1</string>
	<key>classes</key>
	<dict/>
	<key>objectVersion</key>
	<string>46</string>
	<key>objects</key>
	<dict>
		<key>0830BD65B8DAC72EC169912C</key>
		<dict>
			<key>children</key>
			<array>
				<string>4616DD69AE0071412E300618</string>
				<string>3CB520623F7789528BC24339</string>
			</array>
			<key>isa</key>
			<string>PBXGroup</string>
			<key>name</key>
			<string>Pods</string>
			<key>sourceTree</key>
			<string>&lt;group&gt;</string>
		</dict>
		<key>3CB520623F7789528BC24339</key>
		<dict>
			<key>includeInIndex</key>
			<string>1</string>
			<key>isa</key>
			<string>PBXFileReference</string>
			<key>lastKnownFileType</key>
			<string>text.xcconfig</string>
			<key>name</key>
			<string>Pods.release.xcconfig</string>
			<key>path</key>
			<string>Pods/Target Support Files/Pods/Pods.release.xcconfig</string>
			<key>sourceTree</key>
			<string>&lt;group&gt;</string>
		</dict>
		<key>4616DD69AE0071412E300618</key>
		<dict>
			<key>includeInIndex</key>
			<string>1</string>
			<key>isa</key>
			<string>PBXFileReference</string>
			<key>lastKnownFileType</key>
			<string>text.xcconfig</string>
			<key>name</key>
			<string>Pods.debug.xcconfig</string>
			<key>path</key>
			<string>Pods/Target Support Files/Pods/Pods.debug.xcconfig</string>
			<key>sourceTree</key>
			<string>&lt;group&gt;</string>
		</dict>
		<key>4EE911ABD8CE4FF48E380CE1</key>
		<dict>
			<key>buildActionMask</key>
			<string>2147483647</string>
			<key>files</key>
			<array/>
			<key>inputPaths</key>
			<array/>
			<key>isa</key>
			<string>PBXShellScriptBuildPhase</string>
			<key>name</key>
			<string>Check Pods Manifest.lock</string>
			<key>outputPaths</key>
			<array/>
			<key>runOnlyForDeploymentPostprocessing</key>
			<string>0</string>
			<key>shellPath</key>
			<string>/bin/sh</string>
			<key>shellScript</key>
			<string>diff "${PODS_ROOT}/../Podfile.lock" "${PODS_ROOT}/Manifest.lock" &gt; /dev/null
if [[ $? != 0 ]] ; then
    cat &lt;&lt; EOM
error: The sandbox is not in sync with the Podfile.lock. Run 'pod install' or update your CocoaPods installation.
EOM
    exit 1
fi
</string>
			<key>showEnvVarsInLog</key>
			<string>0</string>
		</dict>
		<key>736D9AA0D8AEC3D38F042B2E</key>
		<dict>
			<key>fileRef</key>
			<string>94676BF8A38BC1106CAB6258</string>
			<key>isa</key>
			<string>PBXBuildFile</string>
		</dict>
		<key>7D3895FDD773A0B4DA11E077</key>
		<dict>
			<key>buildActionMask</key>
			<string>2147483647</string>
			<key>files</key>
			<array/>
			<key>inputPaths</key>
			<array/>
			<key>isa</key>
			<string>PBXShellScriptBuildPhase</string>
			<key>name</key>
			<string>Copy Pods Resources</string>
			<key>outputPaths</key>
			<array/>
			<key>runOnlyForDeploymentPostprocessing</key>
			<string>0</string>
			<key>shellPath</key>
			<string>/bin/sh</string>
			<key>shellScript</key>
			<string>"${SRCROOT}/Pods/Target Support Files/Pods/Pods-resources.sh"
</string>
			<key>showEnvVarsInLog</key>
			<string>0</string>
		</dict>
		<key>94676BF8A38BC1106CAB6258</key>
		<dict>
			<key>explicitFileType</key>
			<string>archive.ar</string>
			<key>includeInIndex</key>
			<string>0</string>
			<key>isa</key>
			<string>PBXFileReference</string>
			<key>path</key>
			<string>libPods.a</string>
			<key>sourceTree</key>
			<string>BUILT_PRODUCTS_DIR</string>
		</dict>
		<key>9B4A6CC76E7132E73376897D</key>
		<dict>
			<key>buildActionMask</key>
			<string>2147483647</string>
			<key>files</key>
			<array/>
			<key>inputPaths</key>
			<array/>
			<key>isa</key>
			<string>PBXShellScriptBuildPhase</string>
			<key>name</key>
			<string>Embed Pods Frameworks</string>
			<key>outputPaths</key>
			<array/>
			<key>runOnlyForDeploymentPostprocessing</key>
			<string>0</string>
			<key>shellPath</key>
			<string>/bin/sh</string>
			<key>shellScript</key>
			<string>"${SRCROOT}/Pods/Target Support Files/Pods/Pods-frameworks.sh"
</string>
			<key>showEnvVarsInLog</key>
			<string>0</string>
		</dict>
		<key>B046E6AA2B5BA95F09A9BBBE</key>
		<dict>
			<key>children</key>
			<array>
				<string>94676BF8A38BC1106CAB6258</string>
			</array>
			<key>isa</key>
			<string>PBXGroup</string>
			<key>name</key>
			<string>Frameworks</string>
			<key>sourceTree</key>
			<string>&lt;group&gt;</string>
		</dict>
		<key>D2174C9E1D4E0F00009EA3EB</key>
		<dict>
			<key>children</key>
			<array>
				<string>D2174CDA1D4EFE36009EA3EB</string>
				<string>D2174CA91D4E0F00009EA3EB</string>
				<string>D2174CA81D4E0F00009EA3EB</string>
				<string>0830BD65B8DAC72EC169912C</string>
				<string>B046E6AA2B5BA95F09A9BBBE</string>
			</array>
			<key>isa</key>
			<string>PBXGroup</string>
			<key>sourceTree</key>
			<string>&lt;group&gt;</string>
		</dict>
		<key>D2174C9F1D4E0F00009EA3EB</key>
		<dict>
			<key>attributes</key>
			<dict>
				<key>CLASSPREFIX</key>
				<string>HC</string>
				<key>LastUpgradeCheck</key>
				<string>0730</string>
				<key>ORGANIZATIONNAME</key>
				<string>&#25104; &#40644;</string>
				<key>TargetAttributes</key>
				<dict>
					<key>D2174CA61D4E0F00009EA3EB</key>
					<dict>
						<key>CreatedOnToolsVersion</key>
						<string>7.3</string>
						<key>DevelopmentTeam</key>
						<string>MSGU6L433A</string>
					</dict>
				</dict>
			</dict>
			<key>buildConfigurationList</key>
			<string>D2174CA21D4E0F00009EA3EB</string>
			<key>compatibilityVersion</key>
			<string>Xcode 3.2</string>
			<key>developmentRegion</key>
			<string>English</string>
			<key>hasScannedForEncodings</key>
			<string>0</string>
			<key>isa</key>
			<string>PBXProject</string>
			<key>knownRegions</key>
			<array>
				<string>en</string>
				<string>Base</string>
			</array>
			<key>mainGroup</key>
			<string>D2174C9E1D4E0F00009EA3EB</string>
			<key>productRefGroup</key>
			<string>D2174CA81D4E0F00009EA3EB</string>
			<key>projectDirPath</key>
			<string></string>
			<key>projectReferences</key>
			<array/>
			<key>projectRoot</key>
			<string></string>
			<key>targets</key>
			<array>
				<string>D2174CA61D4E0F00009EA3EB</string>
			</array>
		</dict>
		<key>D2174CA21D4E0F00009EA3EB</key>
		<dict>
			<key>buildConfigurations</key>
			<array>
				<string>D2174CBC1D4E0F00009EA3EB</string>
				<string>D2174CBD1D4E0F00009EA3EB</string>
			</array>
			<key>defaultConfigurationIsVisible</key>
			<string>0</string>
			<key>defaultConfigurationName</key>
			<string>Release</string>
			<key>isa</key>
			<string>XCConfigurationList</string>
		</dict>
		<key>D2174CA31D4E0F00009EA3EB</key>
		<dict>
			<key>buildActionMask</key>
			<string>2147483647</string>
			<key>files</key>
			<array>
				<string>D2174D061D4EFE36009EA3EB</string>
				<string>D2174D0A1D4EFE36009EA3EB</string>
				<string>D2174D181D4F8BFA009EA3EB</string>
				<string>D2174D051D4EFE36009EA3EB</string>
				<string>D2174D031D4EFE36009EA3EB</string>
				<string>D2174D081D4EFE36009EA3EB</string>
				<string>D2174D041D4EFE36009EA3EB</string>
				<string>D2174D091D4EFE36009EA3EB</string>
				<string>D2174D0B1D4EFE36009EA3EB</string>
				<string>D2174D151D4F84A9009EA3EB</string>
				<string>D2174D0C1D4EFE36009EA3EB</string>
				<string>D2174D071D4EFE36009EA3EB</string>
			</array>
			<key>isa</key>
			<string>PBXSourcesBuildPhase</string>
			<key>runOnlyForDeploymentPostprocessing</key>
			<string>0</string>
		</dict>
		<key>D2174CA41D4E0F00009EA3EB</key>
		<dict>
			<key>buildActionMask</key>
			<string>2147483647</string>
			<key>files</key>
			<array>
				<string>736D9AA0D8AEC3D38F042B2E</string>
			</array>
			<key>isa</key>
			<string>PBXFrameworksBuildPhase</string>
			<key>runOnlyForDeploymentPostprocessing</key>
			<string>0</string>
		</dict>
		<key>D2174CA51D4E0F00009EA3EB</key>
		<dict>
			<key>buildActionMask</key>
			<string>2147483647</string>
			<key>files</key>
			<array>
				<string>D2174D1A1D4F90F7009EA3EB</string>
				<string>D2174CB71D4E0F00009EA3EB</string>
			</array>
			<key>isa</key>
			<string>PBXResourcesBuildPhase</string>
			<key>runOnlyForDeploymentPostprocessing</key>
			<string>0</string>
		</dict>
		<key>D2174CA61D4E0F00009EA3EB</key>
		<dict>
			<key>buildConfigurationList</key>
			<string>D2174CBE1D4E0F00009EA3EB</string>
			<key>buildPhases</key>
			<array>
				<string>4EE911ABD8CE4FF48E380CE1</string>
				<string>D2174CA31D4E0F00009EA3EB</string>
				<string>D2174CA41D4E0F00009EA3EB</string>
				<string>D2174CA51D4E0F00009EA3EB</string>
				<string>9B4A6CC76E7132E73376897D</string>
				<string>7D3895FDD773A0B4DA11E077</string>
			</array>
			<key>buildRules</key>
			<array/>
			<key>dependencies</key>
			<array/>
			<key>isa</key>
			<string>PBXNativeTarget</string>
			<key>name</key>
			<string>&#30334;&#24605;&#19981;&#24471;&#22992;</string>
			<key>productName</key>
			<string>&#30334;&#24605;&#19981;&#24471;&#22992;</string>
			<key>productReference</key>
			<string>D2174CA71D4E0F00009EA3EB</string>
			<key>productType</key>
			<string>com.apple.product-type.application</string>
		</dict>
		<key>D2174CA71D4E0F00009EA3EB</key>
		<dict>
			<key>explicitFileType</key>
			<string>wrapper.application</string>
			<key>includeInIndex</key>
			<string>0</string>
			<key>isa</key>
			<string>PBXFileReference</string>
			<key>path</key>
			<string>&#30334;&#24605;&#19981;&#24471;&#22992;.app</string>
			<key>sourceTree</key>
			<string>BUILT_PRODUCTS_DIR</string>
		</dict>
		<key>D2174CA81D4E0F00009EA3EB</key>
		<dict>
			<key>children</key>
			<array>
				<string>D2174CA71D4E0F00009EA3EB</string>
			</array>
			<key>isa</key>
			<string>PBXGroup</string>
			<key>name</key>
			<string>Products</string>
			<key>sourceTree</key>
			<string>&lt;group&gt;</string>
		</dict>
		<key>D2174CA91D4E0F00009EA3EB</key>
		<dict>
			<key>children</key>
			<array>
				<string>D2174CAA1D4E0F00009EA3EB</string>
			</array>
			<key>isa</key>
			<string>PBXGroup</string>
			<key>path</key>
			<string>&#30334;&#24605;&#19981;&#24471;&#22992;</string>
			<key>sourceTree</key>
			<string>&lt;group&gt;</string>
		</dict>
		<key>D2174CAA1D4E0F00009EA3EB</key>
		<dict>
			<key>children</key>
			<array>
				<string>D2174CB61D4E0F00009EA3EB</string>
				<string>D2174CBB1D4E0F00009EA3EB</string>
			</array>
			<key>isa</key>
			<string>PBXGroup</string>
			<key>name</key>
			<string>Supporting Files</string>
			<key>sourceTree</key>
			<string>&lt;group&gt;</string>
		</dict>
		<key>D2174CB61D4E0F00009EA3EB</key>
		<dict>
			<key>isa</key>
			<string>PBXFileReference</string>
			<key>lastKnownFileType</key>
			<string>folder.assetcatalog</string>
			<key>path</key>
			<string>Assets.xcassets</string>
			<key>sourceTree</key>
			<string>&lt;group&gt;</string>
		</dict>
		<key>D2174CB71D4E0F00009EA3EB</key>
		<dict>
			<key>fileRef</key>
			<string>D2174CB61D4E0F00009EA3EB</string>
			<key>isa</key>
			<string>PBXBuildFile</string>
		</dict>
		<key>D2174CBB1D4E0F00009EA3EB</key>
		<dict>
			<key>isa</key>
			<string>PBXFileReference</string>
			<key>lastKnownFileType</key>
			<string>text.plist.xml</string>
			<key>path</key>
			<string>Info.plist</string>
			<key>sourceTree</key>
			<string>&lt;group&gt;</string>
		</dict>
		<key>D2174CBC1D4E0F00009EA3EB</key>
		<dict>
			<key>buildSettings</key>
			<dict>
				<key>ALWAYS_SEARCH_USER_PATHS</key>
				<string>NO</string>
				<key>CLANG_ANALYZER_NONNULL</key>
				<string>YES</string>
				<key>CLANG_CXX_LANGUAGE_STANDARD</key>
				<string>gnu++0x</string>
				<key>CLANG_CXX_LIBRARY</key>
				<string>libc++</string>
				<key>CLANG_ENABLE_MODULES</key>
				<string>YES</string>
				<key>CLANG_ENABLE_OBJC_ARC</key>
				<string>YES</string>
				<key>CLANG_WARN_BOOL_CONVERSION</key>
				<string>YES</string>
				<key>CLANG_WARN_CONSTANT_CONVERSION</key>
				<string>YES</string>
				<key>CLANG_WARN_DIRECT_OBJC_ISA_USAGE</key>
				<string>YES_ERROR</string>
				<key>CLANG_WARN_EMPTY_BODY</key>
				<string>YES</string>
				<key>CLANG_WARN_ENUM_CONVERSION</key>
				<string>YES</string>
				<key>CLANG_WARN_INT_CONVERSION</key>
				<string>YES</string>
				<key>CLANG_WARN_OBJC_ROOT_CLASS</key>
				<string>YES_ERROR</string>
				<key>CLANG_WARN_UNREACHABLE_CODE</key>
				<string>YES</string>
				<key>CLANG_WARN__DUPLICATE_METHOD_MATCH</key>
				<string>YES</string>
				<key>CODE_SIGN_IDENTITY[sdk=iphoneos*]</key>
				<string>iPhone Developer</string>
				<key>COPY_PHASE_STRIP</key>
				<string>NO</string>
				<key>DEBUG_INFORMATION_FORMAT</key>
				<string>dwarf</string>
				<key>ENABLE_STRICT_OBJC_MSGSEND</key>
				<string>YES</string>
				<key>ENABLE_TESTABILITY</key>
				<string>YES</string>
				<key>GCC_C_LANGUAGE_STANDARD</key>
				<string>gnu99</string>
				<key>GCC_DYNAMIC_NO_PIC</key>
				<string>NO</string>
				<key>GCC_NO_COMMON_BLOCKS</key>
				<string>YES</string>
				<key>GCC_OPTIMIZATION_LEVEL</key>
				<string>0</string>
				<key>GCC_PREPROCESSOR_DEFINITIONS</key>
				<array>
					<string>DEBUG=1</string>
					<string>$(inherited)</string>
				</array>
				<key>GCC_WARN_64_TO_32_BIT_CONVERSION</key>
				<string>YES</string>
				<key>GCC_WARN_ABOUT_RETURN_TYPE</key>
				<string>YES_ERROR</string>
				<key>GCC_WARN_UNDECLARED_SELECTOR</key>
				<string>YES</string>
				<key>GCC_WARN_UNINITIALIZED_AUTOS</key>
				<string>YES_AGGRESSIVE</string>
				<key>GCC_WARN_UNUSED_FUNCTION</key>
				<string>YES</string>
				<key>GCC_WARN_UNUSED_VARIABLE</key>
				<string>YES</string>
				<key>IPHONEOS_DEPLOYMENT_TARGET</key>
				<string>9.3</string>
				<key>MTL_ENABLE_DEBUG_INFO</key>
				<string>YES</string>
				<key>ONLY_ACTIVE_ARCH</key>
				<string>YES</string>
				<key>SDKROOT</key>
				<string>iphoneos</string>
				<key>TARGETED_DEVICE_FAMILY</key>
				<string>1,2</string>
			</dict>
			<key>isa</key>
			<string>XCBuildConfiguration</string>
			<key>name</key>
			<string>Debug</string>
		</dict>
		<key>D2174CBD1D4E0F00009EA3EB</key>
		<dict>
			<key>buildSettings</key>
			<dict>
				<key>ALWAYS_SEARCH_USER_PATHS</key>
				<string>NO</string>
				<key>CLANG_ANALYZER_NONNULL</key>
				<string>YES</string>
				<key>CLANG_CXX_LANGUAGE_STANDARD</key>
				<string>gnu++0x</string>
				<key>CLANG_CXX_LIBRARY</key>
				<string>libc++</string>
				<key>CLANG_ENABLE_MODULES</key>
				<string>YES</string>
				<key>CLANG_ENABLE_OBJC_ARC</key>
				<string>YES</string>
				<key>CLANG_WARN_BOOL_CONVERSION</key>
				<string>YES</string>
				<key>CLANG_WARN_CONSTANT_CONVERSION</key>
				<string>YES</string>
				<key>CLANG_WARN_DIRECT_OBJC_ISA_USAGE</key>
				<string>YES_ERROR</string>
				<key>CLANG_WARN_EMPTY_BODY</key>
				<string>YES</string>
				<key>CLANG_WARN_ENUM_CONVERSION</key>
				<string>YES</string>
				<key>CLANG_WARN_INT_CONVERSION</key>
				<string>YES</string>
				<key>CLANG_WARN_OBJC_ROOT_CLASS</key>
				<string>YES_ERROR</string>
				<key>CLANG_WARN_UNREACHABLE_CODE</key>
				<string>YES</string>
				<key>CLANG_WARN__DUPLICATE_METHOD_MATCH</key>
				<string>YES</string>
				<key>CODE_SIGN_IDENTITY[sdk=iphoneos*]</key>
				<string>iPhone Developer</string>
				<key>COPY_PHASE_STRIP</key>
				<string>NO</string>
				<key>DEBUG_INFORMATION_FORMAT</key>
				<string>dwarf-with-dsym</string>
				<key>ENABLE_NS_ASSERTIONS</key>
				<string>NO</string>
				<key>ENABLE_STRICT_OBJC_MSGSEND</key>
				<string>YES</string>
				<key>GCC_C_LANGUAGE_STANDARD</key>
				<string>gnu99</string>
				<key>GCC_NO_COMMON_BLOCKS</key>
				<string>YES</string>
				<key>GCC_WARN_64_TO_32_BIT_CONVERSION</key>
				<string>YES</string>
				<key>GCC_WARN_ABOUT_RETURN_TYPE</key>
				<string>YES_ERROR</string>
				<key>GCC_WARN_UNDECLARED_SELECTOR</key>
				<string>YES</string>
				<key>GCC_WARN_UNINITIALIZED_AUTOS</key>
				<string>YES_AGGRESSIVE</string>
				<key>GCC_WARN_UNUSED_FUNCTION</key>
				<string>YES</string>
				<key>GCC_WARN_UNUSED_VARIABLE</key>
				<string>YES</string>
				<key>IPHONEOS_DEPLOYMENT_TARGET</key>
				<string>9.3</string>
				<key>MTL_ENABLE_DEBUG_INFO</key>
				<string>NO</string>
				<key>SDKROOT</key>
				<string>iphoneos</string>
				<key>TARGETED_DEVICE_FAMILY</key>
				<string>1,2</string>
				<key>VALIDATE_PRODUCT</key>
				<string>YES</string>
			</dict>
			<key>isa</key>
			<string>XCBuildConfiguration</string>
			<key>name</key>
			<string>Release</string>
		</dict>
		<key>D2174CBE1D4E0F00009EA3EB</key>
		<dict>
			<key>buildConfigurations</key>
			<array>
				<string>D2174CBF1D4E0F00009EA3EB</string>
				<string>D2174CC01D4E0F00009EA3EB</string>
			</array>
			<key>defaultConfigurationIsVisible</key>
			<string>0</string>
			<key>defaultConfigurationName</key>
			<string>Release</string>
			<key>isa</key>
			<string>XCConfigurationList</string>
		</dict>
		<key>D2174CBF1D4E0F00009EA3EB</key>
		<dict>
			<key>baseConfigurationReference</key>
			<string>4616DD69AE0071412E300618</string>
			<key>buildSettings</key>
			<dict>
				<key>ASSETCATALOG_COMPILER_APPICON_NAME</key>
				<string>AppIcon</string>
				<key>ASSETCATALOG_COMPILER_LAUNCHIMAGE_NAME</key>
				<string>Brand Assets</string>
				<key>GCC_PREFIX_HEADER</key>
				<string>&#30334;&#24605;&#19981;&#24471;&#22992;/Classes/Other-&#20854;&#20182;/PrefixHeader.pch</string>
				<key>INFOPLIST_FILE</key>
				<string>&#30334;&#24605;&#19981;&#24471;&#22992;/Info.plist</string>
				<key>LD_RUNPATH_SEARCH_PATHS</key>
				<string>$(inherited) @executable_path/Frameworks</string>
				<key>PRODUCT_BUNDLE_IDENTIFIER</key>
				<string>cn.edu.ecnu.huangcheng.-----</string>
				<key>PRODUCT_NAME</key>
				<string>$(TARGET_NAME)</string>
				<key>TARGETED_DEVICE_FAMILY</key>
				<string>1</string>
			</dict>
			<key>isa</key>
			<string>XCBuildConfiguration</string>
			<key>name</key>
			<string>Debug</string>
		</dict>
		<key>D2174CC01D4E0F00009EA3EB</key>
		<dict>
			<key>baseConfigurationReference</key>
			<string>3CB520623F7789528BC24339</string>
			<key>buildSettings</key>
			<dict>
				<key>ASSETCATALOG_COMPILER_APPICON_NAME</key>
				<string>AppIcon</string>
				<key>ASSETCATALOG_COMPILER_LAUNCHIMAGE_NAME</key>
				<string>Brand Assets</string>
				<key>GCC_PREFIX_HEADER</key>
				<string>&#30334;&#24605;&#19981;&#24471;&#22992;/Classes/Other-&#20854;&#20182;/PrefixHeader.pch</string>
				<key>INFOPLIST_FILE</key>
				<string>&#30334;&#24605;&#19981;&#24471;&#22992;/Info.plist</string>
				<key>LD_RUNPATH_SEARCH_PATHS</key>
				<string>$(inherited) @executable_path/Frameworks</string>
				<key>PRODUCT_BUNDLE_IDENTIFIER</key>
				<string>cn.edu.ecnu.huangcheng.-----</string>
				<key>PRODUCT_NAME</key>
				<string>$(TARGET_NAME)</string>
				<key>TARGETED_DEVICE_FAMILY</key>
				<string>1</string>
			</dict>
			<key>isa</key>
			<string>XCBuildConfiguration</string>
			<key>name</key>
			<string>Release</string>
		</dict>
		<key>D2174CDA1D4EFE36009EA3EB</key>
		<dict>
			<key>children</key>
			<array>
				<string>D2174CDB1D4EFE36009EA3EB</string>
				<string>D2174CED1D4EFE36009EA3EB</string>
				<string>D2174CE11D4EFE36009EA3EB</string>
				<string>D2174CE71D4EFE36009EA3EB</string>
				<string>D2174CF31D4EFE36009EA3EB</string>
			</array>
			<key>isa</key>
			<string>PBXGroup</string>
			<key>name</key>
			<string>Classes</string>
			<key>path</key>
			<string>&#30334;&#24605;&#19981;&#24471;&#22992;/Classes</string>
			<key>sourceTree</key>
			<string>&lt;group&gt;</string>
		</dict>
		<key>D2174CDB1D4EFE36009EA3EB</key>
		<dict>
			<key>children</key>
			<array>
				<string>D2174CDC1D4EFE36009EA3EB</string>
				<string>D2174CDF1D4EFE36009EA3EB</string>
				<string>D2174CE01D4EFE36009EA3EB</string>
			</array>
			<key>isa</key>
			<string>PBXGroup</string>
			<key>path</key>
			<string>Essence-&#31934;&#21326;</string>
			<key>sourceTree</key>
			<string>&lt;group&gt;</string>
		</dict>
		<key>D2174CDC1D4EFE36009EA3EB</key>
		<dict>
			<key>children</key>
			<array>
				<string>D2174CDD1D4EFE36009EA3EB</string>
				<string>D2174CDE1D4EFE36009EA3EB</string>
			</array>
			<key>isa</key>
			<string>PBXGroup</string>
			<key>path</key>
			<string>Controller</string>
			<key>sourceTree</key>
			<string>&lt;group&gt;</string>
		</dict>
		<key>D2174CDD1D4EFE36009EA3EB</key>
		<dict>
			<key>fileEncoding</key>
			<string>4</string>
			<key>isa</key>
			<string>PBXFileReference</string>
			<key>lastKnownFileType</key>
			<string>sourcecode.c.h</string>
			<key>path</key>
			<string>HCEssenceViewController.h</string>
			<key>sourceTree</key>
			<string>&lt;group&gt;</string>
		</dict>
		<key>D2174CDE1D4EFE36009EA3EB</key>
		<dict>
			<key>fileEncoding</key>
			<string>4</string>
			<key>isa</key>
			<string>PBXFileReference</string>
			<key>lastKnownFileType</key>
			<string>sourcecode.c.objc</string>
			<key>path</key>
			<string>HCEssenceViewController.m</string>
			<key>sourceTree</key>
			<string>&lt;group&gt;</string>
		</dict>
		<key>D2174CDF1D4EFE36009EA3EB</key>
		<dict>
			<key>children</key>
			<array/>
			<key>isa</key>
			<string>PBXGroup</string>
			<key>path</key>
			<string>Model</string>
			<key>sourceTree</key>
			<string>&lt;group&gt;</string>
		</dict>
		<key>D2174CE01D4EFE36009EA3EB</key>
		<dict>
			<key>children</key>
			<array/>
			<key>isa</key>
			<string>PBXGroup</string>
			<key>path</key>
			<string>View</string>
			<key>sourceTree</key>
			<string>&lt;group&gt;</string>
		</dict>
		<key>D2174CE11D4EFE36009EA3EB</key>
		<dict>
			<key>children</key>
			<array>
				<string>D2174CE21D4EFE36009EA3EB</string>
				<string>D2174CE51D4EFE36009EA3EB</string>
				<string>D2174CE61D4EFE36009EA3EB</string>
			</array>
			<key>isa</key>
			<string>PBXGroup</string>
			<key>path</key>
			<string>FriendTrends-&#20851;&#27880;</string>
			<key>sourceTree</key>
			<string>&lt;group&gt;</string>
		</dict>
		<key>D2174CE21D4EFE36009EA3EB</key>
		<dict>
			<key>children</key>
			<array>
				<string>D2174CE31D4EFE36009EA3EB</string>
				<string>D2174CE41D4EFE36009EA3EB</string>
				<string>D2174D191D4F90F7009EA3EB</string>
			</array>
			<key>isa</key>
			<string>PBXGroup</string>
			<key>path</key>
			<string>Controller</string>
			<key>sourceTree</key>
			<string>&lt;group&gt;</string>
		</dict>
		<key>D2174CE31D4EFE36009EA3EB</key>
		<dict>
			<key>fileEncoding</key>
			<string>4</string>
			<key>isa</key>
			<string>PBXFileReference</string>
			<key>lastKnownFileType</key>
			<string>sourcecode.c.h</string>
			<key>path</key>
			<string>HCFriendTrendsViewController.h</string>
			<key>sourceTree</key>
			<string>&lt;group&gt;</string>
		</dict>
		<key>D2174CE41D4EFE36009EA3EB</key>
		<dict>
			<key>fileEncoding</key>
			<string>4</string>
			<key>isa</key>
			<string>PBXFileReference</string>
			<key>lastKnownFileType</key>
			<string>sourcecode.c.objc</string>
			<key>path</key>
			<string>HCFriendTrendsViewController.m</string>
			<key>sourceTree</key>
			<string>&lt;group&gt;</string>
		</dict>
		<key>D2174CE51D4EFE36009EA3EB</key>
		<dict>
			<key>children</key>
			<array/>
			<key>isa</key>
			<string>PBXGroup</string>
			<key>path</key>
			<string>Model</string>
			<key>sourceTree</key>
			<string>&lt;group&gt;</string>
		</dict>
		<key>D2174CE61D4EFE36009EA3EB</key>
		<dict>
			<key>children</key>
			<array/>
			<key>isa</key>
			<string>PBXGroup</string>
			<key>path</key>
			<string>View</string>
			<key>sourceTree</key>
			<string>&lt;group&gt;</string>
		</dict>
		<key>D2174CE71D4EFE36009EA3EB</key>
		<dict>
			<key>children</key>
			<array>
				<string>D2174CE81D4EFE36009EA3EB</string>
				<string>D2174CEB1D4EFE36009EA3EB</string>
				<string>D2174CEC1D4EFE36009EA3EB</string>
			</array>
			<key>isa</key>
			<string>PBXGroup</string>
			<key>path</key>
			<string>Me-&#25105;</string>
			<key>sourceTree</key>
			<string>&lt;group&gt;</string>
		</dict>
		<key>D2174CE81D4EFE36009EA3EB</key>
		<dict>
			<key>children</key>
			<array>
				<string>D2174CE91D4EFE36009EA3EB</string>
				<string>D2174CEA1D4EFE36009EA3EB</string>
			</array>
			<key>isa</key>
			<string>PBXGroup</string>
			<key>path</key>
			<string>Controller</string>
			<key>sourceTree</key>
			<string>&lt;group&gt;</string>
		</dict>
		<key>D2174CE91D4EFE36009EA3EB</key>
		<dict>
			<key>fileEncoding</key>
			<string>4</string>
			<key>isa</key>
			<string>PBXFileReference</string>
			<key>lastKnownFileType</key>
			<string>sourcecode.c.h</string>
			<key>path</key>
			<string>HCMeViewController.h</string>
			<key>sourceTree</key>
			<string>&lt;group&gt;</string>
		</dict>
		<key>D2174CEA1D4EFE36009EA3EB</key>
		<dict>
			<key>fileEncoding</key>
			<string>4</string>
			<key>isa</key>
			<string>PBXFileReference</string>
			<key>lastKnownFileType</key>
			<string>sourcecode.c.objc</string>
			<key>path</key>
			<string>HCMeViewController.m</string>
			<key>sourceTree</key>
			<string>&lt;group&gt;</string>
		</dict>
		<key>D2174CEB1D4EFE36009EA3EB</key>
		<dict>
			<key>children</key>
			<array/>
			<key>isa</key>
			<string>PBXGroup</string>
			<key>path</key>
			<string>Model</string>
			<key>sourceTree</key>
			<string>&lt;group&gt;</string>
		</dict>
		<key>D2174CEC1D4EFE36009EA3EB</key>
		<dict>
			<key>children</key>
			<array/>
			<key>isa</key>
			<string>PBXGroup</string>
			<key>path</key>
			<string>View</string>
			<key>sourceTree</key>
			<string>&lt;group&gt;</string>
		</dict>
		<key>D2174CED1D4EFE36009EA3EB</key>
		<dict>
			<key>children</key>
			<array>
				<string>D2174CEE1D4EFE36009EA3EB</string>
				<string>D2174CF11D4EFE36009EA3EB</string>
				<string>D2174CF21D4EFE36009EA3EB</string>
			</array>
			<key>isa</key>
			<string>PBXGroup</string>
			<key>path</key>
			<string>New-&#26032;&#24086;</string>
			<key>sourceTree</key>
			<string>&lt;group&gt;</string>
		</dict>
		<key>D2174CEE1D4EFE36009EA3EB</key>
		<dict>
			<key>children</key>
			<array>
				<string>D2174CEF1D4EFE36009EA3EB</string>
				<string>D2174CF01D4EFE36009EA3EB</string>
			</array>
			<key>isa</key>
			<string>PBXGroup</string>
			<key>path</key>
			<string>Controller</string>
			<key>sourceTree</key>
			<string>&lt;group&gt;</string>
		</dict>
		<key>D2174CEF1D4EFE36009EA3EB</key>
		<dict>
			<key>fileEncoding</key>
			<string>4</string>
			<key>isa</key>
			<string>PBXFileReference</string>
			<key>lastKnownFileType</key>
			<string>sourcecode.c.h</string>
			<key>path</key>
			<string>HCNewViewController.h</string>
			<key>sourceTree</key>
			<string>&lt;group&gt;</string>
		</dict>
		<key>D2174CF01D4EFE36009EA3EB</key>
		<dict>
			<key>fileEncoding</key>
			<string>4</string>
			<key>isa</key>
			<string>PBXFileReference</string>
			<key>lastKnownFileType</key>
			<string>sourcecode.c.objc</string>
			<key>path</key>
			<string>HCNewViewController.m</string>
			<key>sourceTree</key>
			<string>&lt;group&gt;</string>
		</dict>
		<key>D2174CF11D4EFE36009EA3EB</key>
		<dict>
			<key>children</key>
			<array/>
			<key>isa</key>
			<string>PBXGroup</string>
			<key>path</key>
			<string>Model</string>
			<key>sourceTree</key>
			<string>&lt;group&gt;</string>
		</dict>
		<key>D2174CF21D4EFE36009EA3EB</key>
		<dict>
			<key>children</key>
			<array/>
			<key>isa</key>
			<string>PBXGroup</string>
			<key>path</key>
			<string>View</string>
			<key>sourceTree</key>
			<string>&lt;group&gt;</string>
		</dict>
		<key>D2174CF31D4EFE36009EA3EB</key>
		<dict>
			<key>children</key>
			<array>
				<string>D2174CF41D4EFE36009EA3EB</string>
				<string>D2174CF51D4EFE36009EA3EB</string>
				<string>D2174CF61D4EFE36009EA3EB</string>
				<string>D2174CFB1D4EFE36009EA3EB</string>
				<string>D2174CFE1D4EFE36009EA3EB</string>
				<string>D2174CFF1D4EFE36009EA3EB</string>
				<string>D2174D131D4F84A9009EA3EB</string>
				<string>D2174D141D4F84A9009EA3EB</string>
				<string>D2174D001D4EFE36009EA3EB</string>
			</array>
			<key>isa</key>
			<string>PBXGroup</string>
			<key>path</key>
			<string>Other-&#20854;&#20182;</string>
			<key>sourceTree</key>
			<string>&lt;group&gt;</string>
		</dict>
		<key>D2174CF41D4EFE36009EA3EB</key>
		<dict>
			<key>fileEncoding</key>
			<string>4</string>
			<key>isa</key>
			<string>PBXFileReference</string>
			<key>lastKnownFileType</key>
			<string>sourcecode.c.h</string>
			<key>path</key>
			<string>AppDelegate.h</string>
			<key>sourceTree</key>
			<string>&lt;group&gt;</string>
		</dict>
		<key>D2174CF51D4EFE36009EA3EB</key>
		<dict>
			<key>fileEncoding</key>
			<string>4</string>
			<key>isa</key>
			<string>PBXFileReference</string>
			<key>lastKnownFileType</key>
			<string>sourcecode.c.objc</string>
			<key>path</key>
			<string>AppDelegate.m</string>
			<key>sourceTree</key>
			<string>&lt;group&gt;</string>
		</dict>
		<key>D2174CF61D4EFE36009EA3EB</key>
		<dict>
			<key>children</key>
			<array>
				<string>D2174CF71D4EFE36009EA3EB</string>
				<string>D2174CF81D4EFE36009EA3EB</string>
				<string>D2174CF91D4EFE36009EA3EB</string>
				<string>D2174CFA1D4EFE36009EA3EB</string>
			</array>
			<key>isa</key>
			<string>PBXGroup</string>
			<key>path</key>
			<string>Category</string>
			<key>sourceTree</key>
			<string>&lt;group&gt;</string>
		</dict>
		<key>D2174CF71D4EFE36009EA3EB</key>
		<dict>
			<key>fileEncoding</key>
			<string>4</string>
			<key>isa</key>
			<string>PBXFileReference</string>
			<key>lastKnownFileType</key>
			<string>sourcecode.c.h</string>
			<key>path</key>
			<string>UIBarButtonItem+HCExtension.h</string>
			<key>sourceTree</key>
			<string>&lt;group&gt;</string>
		</dict>
		<key>D2174CF81D4EFE36009EA3EB</key>
		<dict>
			<key>fileEncoding</key>
			<string>4</string>
			<key>isa</key>
			<string>PBXFileReference</string>
			<key>lastKnownFileType</key>
			<string>sourcecode.c.objc</string>
			<key>path</key>
			<string>UIBarButtonItem+HCExtension.m</string>
			<key>sourceTree</key>
			<string>&lt;group&gt;</string>
		</dict>
		<key>D2174CF91D4EFE36009EA3EB</key>
		<dict>
			<key>fileEncoding</key>
			<string>4</string>
			<key>isa</key>
			<string>PBXFileReference</string>
			<key>lastKnownFileType</key>
			<string>sourcecode.c.h</string>
			<key>path</key>
			<string>UIView+HCExtension.h</string>
			<key>sourceTree</key>
			<string>&lt;group&gt;</string>
		</dict>
		<key>D2174CFA1D4EFE36009EA3EB</key>
		<dict>
			<key>fileEncoding</key>
			<string>4</string>
			<key>isa</key>
			<string>PBXFileReference</string>
			<key>lastKnownFileType</key>
			<string>sourcecode.c.objc</string>
			<key>path</key>
			<string>UIView+HCExtension.m</string>
			<key>sourceTree</key>
			<string>&lt;group&gt;</string>
		</dict>
		<key>D2174CFB1D4EFE36009EA3EB</key>
		<dict>
			<key>children</key>
			<array>
				<string>D2174D161D4F8BFA009EA3EB</string>
				<string>D2174D171D4F8BFA009EA3EB</string>
				<string>D2174CFC1D4EFE36009EA3EB</string>
				<string>D2174CFD1D4EFE36009EA3EB</string>
			</array>
			<key>isa</key>
			<string>PBXGroup</string>
			<key>path</key>
			<string>Controller</string>
			<key>sourceTree</key>
			<string>&lt;group&gt;</string>
		</dict>
		<key>D2174CFC1D4EFE36009EA3EB</key>
		<dict>
			<key>fileEncoding</key>
			<string>4</string>
			<key>isa</key>
			<string>PBXFileReference</string>
			<key>lastKnownFileType</key>
			<string>sourcecode.c.h</string>
			<key>path</key>
			<string>HCTabBarViewController.h</string>
			<key>sourceTree</key>
			<string>&lt;group&gt;</string>
		</dict>
		<key>D2174CFD1D4EFE36009EA3EB</key>
		<dict>
			<key>fileEncoding</key>
			<string>4</string>
			<key>isa</key>
			<string>PBXFileReference</string>
			<key>lastKnownFileType</key>
			<string>sourcecode.c.objc</string>
			<key>path</key>
			<string>HCTabBarViewController.m</string>
			<key>sourceTree</key>
			<string>&lt;group&gt;</string>
		</dict>
		<key>D2174CFE1D4EFE36009EA3EB</key>
		<dict>
			<key>fileEncoding</key>
			<string>4</string>
			<key>isa</key>
			<string>PBXFileReference</string>
			<key>lastKnownFileType</key>
			<string>sourcecode.c.objc</string>
			<key>path</key>
			<string>main.m</string>
			<key>sourceTree</key>
			<string>&lt;group&gt;</string>
		</dict>
		<key>D2174CFF1D4EFE36009EA3EB</key>
		<dict>
			<key>fileEncoding</key>
			<string>4</string>
			<key>isa</key>
			<string>PBXFileReference</string>
			<key>lastKnownFileType</key>
			<string>sourcecode.c.h</string>
			<key>path</key>
			<string>PrefixHeader.pch</string>
			<key>sourceTree</key>
			<string>&lt;group&gt;</string>
		</dict>
		<key>D2174D001D4EFE36009EA3EB</key>
		<dict>
			<key>children</key>
			<array>
				<string>D2174D011D4EFE36009EA3EB</string>
				<string>D2174D021D4EFE36009EA3EB</string>
			</array>
			<key>isa</key>
			<string>PBXGroup</string>
			<key>path</key>
			<string>View</string>
			<key>sourceTree</key>
			<string>&lt;group&gt;</string>
		</dict>
		<key>D2174D011D4EFE36009EA3EB</key>
		<dict>
			<key>fileEncoding</key>
			<string>4</string>
			<key>isa</key>
			<string>PBXFileReference</string>
			<key>lastKnownFileType</key>
			<string>sourcecode.c.h</string>
			<key>path</key>
			<string>HCTabBar.h</string>
			<key>sourceTree</key>
			<string>&lt;group&gt;</string>
		</dict>
		<key>D2174D021D4EFE36009EA3EB</key>
		<dict>
			<key>fileEncoding</key>
			<string>4</string>
			<key>isa</key>
			<string>PBXFileReference</string>
			<key>lastKnownFileType</key>
			<string>sourcecode.c.objc</string>
			<key>path</key>
			<string>HCTabBar.m</string>
			<key>sourceTree</key>
			<string>&lt;group&gt;</string>
		</dict>
		<key>D2174D031D4EFE36009EA3EB</key>
		<dict>
			<key>fileRef</key>
			<string>D2174CDE1D4EFE36009EA3EB</string>
			<key>isa</key>
			<string>PBXBuildFile</string>
		</dict>
		<key>D2174D041D4EFE36009EA3EB</key>
		<dict>
			<key>fileRef</key>
			<string>D2174CE41D4EFE36009EA3EB</string>
			<key>isa</key>
			<string>PBXBuildFile</string>
		</dict>
		<key>D2174D051D4EFE36009EA3EB</key>
		<dict>
			<key>fileRef</key>
			<string>D2174CEA1D4EFE36009EA3EB</string>
			<key>isa</key>
			<string>PBXBuildFile</string>
		</dict>
		<key>D2174D061D4EFE36009EA3EB</key>
		<dict>
			<key>fileRef</key>
			<string>D2174CF01D4EFE36009EA3EB</string>
			<key>isa</key>
			<string>PBXBuildFile</string>
		</dict>
		<key>D2174D071D4EFE36009EA3EB</key>
		<dict>
			<key>fileRef</key>
			<string>D2174CF51D4EFE36009EA3EB</string>
			<key>isa</key>
			<string>PBXBuildFile</string>
		</dict>
		<key>D2174D081D4EFE36009EA3EB</key>
		<dict>
			<key>fileRef</key>
			<string>D2174CF81D4EFE36009EA3EB</string>
			<key>isa</key>
			<string>PBXBuildFile</string>
		</dict>
		<key>D2174D091D4EFE36009EA3EB</key>
		<dict>
			<key>fileRef</key>
			<string>D2174CFA1D4EFE36009EA3EB</string>
			<key>isa</key>
			<string>PBXBuildFile</string>
		</dict>
		<key>D2174D0A1D4EFE36009EA3EB</key>
		<dict>
			<key>fileRef</key>
			<string>D2174CFD1D4EFE36009EA3EB</string>
			<key>isa</key>
			<string>PBXBuildFile</string>
		</dict>
		<key>D2174D0B1D4EFE36009EA3EB</key>
		<dict>
			<key>fileRef</key>
			<string>D2174CFE1D4EFE36009EA3EB</string>
			<key>isa</key>
			<string>PBXBuildFile</string>
		</dict>
		<key>D2174D0C1D4EFE36009EA3EB</key>
		<dict>
			<key>fileRef</key>
			<string>D2174D021D4EFE36009EA3EB</string>
			<key>isa</key>
			<string>PBXBuildFile</string>
		</dict>
		<key>D2174D131D4F84A9009EA3EB</key>
		<dict>
			<key>fileEncoding</key>
			<string>4</string>
			<key>isa</key>
			<string>PBXFileReference</string>
			<key>lastKnownFileType</key>
			<string>sourcecode.c.h</string>
			<key>path</key>
			<string>XMGTestViewController.h</string>
			<key>sourceTree</key>
			<string>&lt;group&gt;</string>
		</dict>
		<key>D2174D141D4F84A9009EA3EB</key>
		<dict>
			<key>fileEncoding</key>
			<string>4</string>
			<key>isa</key>
			<string>PBXFileReference</string>
			<key>lastKnownFileType</key>
			<string>sourcecode.c.objc</string>
			<key>path</key>
			<string>XMGTestViewController.m</string>
			<key>sourceTree</key>
			<string>&lt;group&gt;</string>
		</dict>
		<key>D2174D151D4F84A9009EA3EB</key>
		<dict>
			<key>fileRef</key>
			<string>D2174D141D4F84A9009EA3EB</string>
			<key>isa</key>
			<string>PBXBuildFile</string>
		</dict>
		<key>D2174D161D4F8BFA009EA3EB</key>
		<dict>
			<key>fileEncoding</key>
			<string>4</string>
			<key>isa</key>
			<string>PBXFileReference</string>
			<key>lastKnownFileType</key>
			<string>sourcecode.c.h</string>
			<key>path</key>
			<string>HCNavigationController.h</string>
			<key>sourceTree</key>
			<string>&lt;group&gt;</string>
		</dict>
		<key>D2174D171D4F8BFA009EA3EB</key>
		<dict>
			<key>fileEncoding</key>
			<string>4</string>
			<key>isa</key>
			<string>PBXFileReference</string>
			<key>lastKnownFileType</key>
			<string>sourcecode.c.objc</string>
			<key>path</key>
			<string>HCNavigationController.m</string>
			<key>sourceTree</key>
			<string>&lt;group&gt;</string>
		</dict>
		<key>D2174D181D4F8BFA009EA3EB</key>
		<dict>
			<key>fileRef</key>
			<string>D2174D171D4F8BFA009EA3EB</string>
			<key>isa</key>
			<string>PBXBuildFile</string>
		</dict>
		<key>D2174D191D4F90F7009EA3EB</key>
		<dict>
			<key>fileEncoding</key>
			<string>4</string>
			<key>isa</key>
			<string>PBXFileReference</string>
			<key>lastKnownFileType</key>
			<string>file.xib</string>
			<key>path</key>
			<string>HCFriendTrendsViewController.xib</string>
			<key>sourceTree</key>
			<string>&lt;group&gt;</string>
		</dict>
		<key>D2174D1A1D4F90F7009EA3EB</key>
		<dict>
			<key>fileRef</key>
			<string>D2174D191D4F90F7009EA3EB</string>
			<key>isa</key>
			<string>PBXBuildFile</string>
		</dict>
	</dict>
	<key>rootObject</key>
	<string>D2174C9F1D4E0F00009EA3EB</string>
</dict>
</plist>
