// !$*UTF8*$!
{
	archiveVersion = 1;
	classes = {
	};
	objectVersion = 46;
	objects = {

/* Begin PBXBuildFile section */
		D2174CB71D4E0F00009EA3EB /* Assets.xcassets in Resources */ = {isa = PBXBuildFile; fileRef = D2174CB61D4E0F00009EA3EB /* Assets.xcassets */; };
		D2174D031D4EFE36009EA3EB /* HCEssenceViewController.m in Sources */ = {isa = PBXBuildFile; fileRef = D2174CDE1D4EFE36009EA3EB /* HCEssenceViewController.m */; };
		D2174D041D4EFE36009EA3EB /* HCFriendTrendsViewController.m in Sources */ = {isa = PBXBuildFile; fileRef = D2174CE41D4EFE36009EA3EB /* HCFriendTrendsViewController.m */; };
		D2174D051D4EFE36009EA3EB /* HCMeViewController.m in Sources */ = {isa = PBXBuildFile; fileRef = D2174CEA1D4EFE36009EA3EB /* HCMeViewController.m */; };
		D2174D061D4EFE36009EA3EB /* HCNewViewController.m in Sources */ = {isa = PBXBuildFile; fileRef = D2174CF01D4EFE36009EA3EB /* HCNewViewController.m */; };
		D2174D071D4EFE36009EA3EB /* AppDelegate.m in Sources */ = {isa = PBXBuildFile; fileRef = D2174CF51D4EFE36009EA3EB /* AppDelegate.m */; };
		D2174D081D4EFE36009EA3EB /* UIBarButtonItem+HCExtension.m in Sources */ = {isa = PBXBuildFile; fileRef = D2174CF81D4EFE36009EA3EB /* UIBarButtonItem+HCExtension.m */; };
		D2174D091D4EFE36009EA3EB /* UIView+HCExtension.m in Sources */ = {isa = PBXBuildFile; fileRef = D2174CFA1D4EFE36009EA3EB /* UIView+HCExtension.m */; };
		D2174D0A1D4EFE36009EA3EB /* HCTabBarViewController.m in Sources */ = {isa = PBXBuildFile; fileRef = D2174CFD1D4EFE36009EA3EB /* HCTabBarViewController.m */; };
		D2174D0B1D4EFE36009EA3EB /* main.m in Sources */ = {isa = PBXBuildFile; fileRef = D2174CFE1D4EFE36009EA3EB /* main.m */; };
		D2174D0C1D4EFE36009EA3EB /* HCTabBar.m in Sources */ = {isa = PBXBuildFile; fileRef = D2174D021D4EFE36009EA3EB /* HCTabBar.m */; };
		D2174D151D4F84A9009EA3EB /* XMGTestViewController.m in Sources */ = {isa = PBXBuildFile; fileRef = D2174D141D4F84A9009EA3EB /* XMGTestViewController.m */; };
		D2174D181D4F8BFA009EA3EB /* HCNavigationController.m in Sources */ = {isa = PBXBuildFile; fileRef = D2174D171D4F8BFA009EA3EB /* HCNavigationController.m */; };
/* End PBXBuildFile section */

/* Begin PBXFileReference section */
		D2174CA71D4E0F00009EA3EB /* 百思不得姐.app */ = {isa = PBXFileReference; explicitFileType = wrapper.application; includeInIndex = 0; path = "百思不得姐.app"; sourceTree = BUILT_PRODUCTS_DIR; };
		D2174CB61D4E0F00009EA3EB /* Assets.xcassets */ = {isa = PBXFileReference; lastKnownFileType = folder.assetcatalog; path = Assets.xcassets; sourceTree = "<group>"; };
		D2174CBB1D4E0F00009EA3EB /* Info.plist */ = {isa = PBXFileReference; lastKnownFileType = text.plist.xml; path = Info.plist; sourceTree = "<group>"; };
		D2174CDD1D4EFE36009EA3EB /* HCEssenceViewController.h */ = {isa = PBXFileReference; fileEncoding = 4; lastKnownFileType = sourcecode.c.h; path = HCEssenceViewController.h; sourceTree = "<group>"; };
		D2174CDE1D4EFE36009EA3EB /* HCEssenceViewController.m */ = {isa = PBXFileReference; fileEncoding = 4; lastKnownFileType = sourcecode.c.objc; path = HCEssenceViewController.m; sourceTree = "<group>"; };
		D2174CE31D4EFE36009EA3EB /* HCFriendTrendsViewController.h */ = {isa = PBXFileReference; fileEncoding = 4; lastKnownFileType = sourcecode.c.h; path = HCFriendTrendsViewController.h; sourceTree = "<group>"; };
		D2174CE41D4EFE36009EA3EB /* HCFriendTrendsViewController.m */ = {isa = PBXFileReference; fileEncoding = 4; lastKnownFileType = sourcecode.c.objc; path = HCFriendTrendsViewController.m; sourceTree = "<group>"; };
		D2174CE91D4EFE36009EA3EB /* HCMeViewController.h */ = {isa = PBXFileReference; fileEncoding = 4; lastKnownFileType = sourcecode.c.h; path = HCMeViewController.h; sourceTree = "<group>"; };
		D2174CEA1D4EFE36009EA3EB /* HCMeViewController.m */ = {isa = PBXFileReference; fileEncoding = 4; lastKnownFileType = sourcecode.c.objc; path = HCMeViewController.m; sourceTree = "<group>"; };
		D2174CEF1D4EFE36009EA3EB /* HCNewViewController.h */ = {isa = PBXFileReference; fileEncoding = 4; lastKnownFileType = sourcecode.c.h; path = HCNewViewController.h; sourceTree = "<group>"; };
		D2174CF01D4EFE36009EA3EB /* HCNewViewController.m */ = {isa = PBXFileReference; fileEncoding = 4; lastKnownFileType = sourcecode.c.objc; path = HCNewViewController.m; sourceTree = "<group>"; };
		D2174CF41D4EFE36009EA3EB /* AppDelegate.h */ = {isa = PBXFileReference; fileEncoding = 4; lastKnownFileType = sourcecode.c.h; path = AppDelegate.h; sourceTree = "<group>"; };
		D2174CF51D4EFE36009EA3EB /* AppDelegate.m */ = {isa = PBXFileReference; fileEncoding = 4; lastKnownFileType = sourcecode.c.objc; path = AppDelegate.m; sourceTree = "<group>"; };
		D2174CF71D4EFE36009EA3EB /* UIBarButtonItem+HCExtension.h */ = {isa = PBXFileReference; fileEncoding = 4; lastKnownFileType = sourcecode.c.h; path = "UIBarButtonItem+HCExtension.h"; sourceTree = "<group>"; };
		D2174CF81D4EFE36009EA3EB /* UIBarButtonItem+HCExtension.m */ = {isa = PBXFileReference; fileEncoding = 4; lastKnownFileType = sourcecode.c.objc; path = "UIBarButtonItem+HCExtension.m"; sourceTree = "<group>"; };
		D2174CF91D4EFE36009EA3EB /* UIView+HCExtension.h */ = {isa = PBXFileReference; fileEncoding = 4; lastKnownFileType = sourcecode.c.h; path = "UIView+HCExtension.h"; sourceTree = "<group>"; };
		D2174CFA1D4EFE36009EA3EB /* UIView+HCExtension.m */ = {isa = PBXFileReference; fileEncoding = 4; lastKnownFileType = sourcecode.c.objc; path = "UIView+HCExtension.m"; sourceTree = "<group>"; };
		D2174CFC1D4EFE36009EA3EB /* HCTabBarViewController.h */ = {isa = PBXFileReference; fileEncoding = 4; lastKnownFileType = sourcecode.c.h; path = HCTabBarViewController.h; sourceTree = "<group>"; };
		D2174CFD1D4EFE36009EA3EB /* HCTabBarViewController.m */ = {isa = PBXFileReference; fileEncoding = 4; lastKnownFileType = sourcecode.c.objc; path = HCTabBarViewController.m; sourceTree = "<group>"; };
		D2174CFE1D4EFE36009EA3EB /* main.m */ = {isa = PBXFileReference; fileEncoding = 4; lastKnownFileType = sourcecode.c.objc; path = main.m; sourceTree = "<group>"; };
		D2174CFF1D4EFE36009EA3EB /* PrefixHeader.pch */ = {isa = PBXFileReference; fileEncoding = 4; lastKnownFileType = sourcecode.c.h; path = PrefixHeader.pch; sourceTree = "<group>"; };
		D2174D011D4EFE36009EA3EB /* HCTabBar.h */ = {isa = PBXFileReference; fileEncoding = 4; lastKnownFileType = sourcecode.c.h; path = HCTabBar.h; sourceTree = "<group>"; };
		D2174D021D4EFE36009EA3EB /* HCTabBar.m */ = {isa = PBXFileReference; fileEncoding = 4; lastKnownFileType = sourcecode.c.objc; path = HCTabBar.m; sourceTree = "<group>"; };
		D2174D131D4F84A9009EA3EB /* XMGTestViewController.h */ = {isa = PBXFileReference; fileEncoding = 4; lastKnownFileType = sourcecode.c.h; path = XMGTestViewController.h; sourceTree = "<group>"; };
		D2174D141D4F84A9009EA3EB /* XMGTestViewController.m */ = {isa = PBXFileReference; fileEncoding = 4; lastKnownFileType = sourcecode.c.objc; path = XMGTestViewController.m; sourceTree = "<group>"; };
		D2174D161D4F8BFA009EA3EB /* HCNavigationController.h */ = {isa = PBXFileReference; fileEncoding = 4; lastKnownFileType = sourcecode.c.h; path = HCNavigationController.h; sourceTree = "<group>"; };
		D2174D171D4F8BFA009EA3EB /* HCNavigationController.m */ = {isa = PBXFileReference; fileEncoding = 4; lastKnownFileType = sourcecode.c.objc; path = HCNavigationController.m; sourceTree = "<group>"; };
/* End PBXFileReference section */

/* Begin PBXFrameworksBuildPhase section */
		D2174CA41D4E0F00009EA3EB /* Frameworks */ = {
			isa = PBXFrameworksBuildPhase;
			buildActionMask = 2147483647;
			files = (
			);
			runOnlyForDeploymentPostprocessing = 0;
		};
/* End PBXFrameworksBuildPhase section */

/* Begin PBXGroup section */
		D2174C9E1D4E0F00009EA3EB = {
			isa = PBXGroup;
			children = (
				D2174CDA1D4EFE36009EA3EB /* Classes */,
				D2174CA91D4E0F00009EA3EB /* 百思不得姐 */,
				D2174CA81D4E0F00009EA3EB /* Products */,
			);
			sourceTree = "<group>";
		};
		D2174CA81D4E0F00009EA3EB /* Products */ = {
			isa = PBXGroup;
			children = (
				D2174CA71D4E0F00009EA3EB /* 百思不得姐.app */,
			);
			name = Products;
			sourceTree = "<group>";
		};
		D2174CA91D4E0F00009EA3EB /* 百思不得姐 */ = {
			isa = PBXGroup;
			children = (
				D2174CAA1D4E0F00009EA3EB /* Supporting Files */,
			);
			path = "百思不得姐";
			sourceTree = "<group>";
		};
		D2174CAA1D4E0F00009EA3EB /* Supporting Files */ = {
			isa = PBXGroup;
			children = (
				D2174CB61D4E0F00009EA3EB /* Assets.xcassets */,
				D2174CBB1D4E0F00009EA3EB /* Info.plist */,
			);
			name = "Supporting Files";
			sourceTree = "<group>";
		};
		D2174CDA1D4EFE36009EA3EB /* Classes */ = {
			isa = PBXGroup;
			children = (
				D2174CDB1D4EFE36009EA3EB /* Essence-精华 */,
				D2174CED1D4EFE36009EA3EB /* New-新帖 */,
				D2174CE11D4EFE36009EA3EB /* FriendTrends-关注 */,
				D2174CE71D4EFE36009EA3EB /* Me-我 */,
				D2174CF31D4EFE36009EA3EB /* Other-其他 */,
			);
			name = Classes;
			path = "百思不得姐/Classes";
			sourceTree = "<group>";
		};
		D2174CDB1D4EFE36009EA3EB /* Essence-精华 */ = {
			isa = PBXGroup;
			children = (
				D2174CDC1D4EFE36009EA3EB /* Controller */,
				D2174CDF1D4EFE36009EA3EB /* Model */,
				D2174CE01D4EFE36009EA3EB /* View */,
			);
			path = "Essence-精华";
			sourceTree = "<group>";
		};
		D2174CDC1D4EFE36009EA3EB /* Controller */ = {
			isa = PBXGroup;
			children = (
				D2174CDD1D4EFE36009EA3EB /* HCEssenceViewController.h */,
				D2174CDE1D4EFE36009EA3EB /* HCEssenceViewController.m */,
			);
			path = Controller;
			sourceTree = "<group>";
		};
		D2174CDF1D4EFE36009EA3EB /* Model */ = {
			isa = PBXGroup;
			children = (
			);
			path = Model;
			sourceTree = "<group>";
		};
		D2174CE01D4EFE36009EA3EB /* View */ = {
			isa = PBXGroup;
			children = (
			);
			path = View;
			sourceTree = "<group>";
		};
		D2174CE11D4EFE36009EA3EB /* FriendTrends-关注 */ = {
			isa = PBXGroup;
			children = (
				D2174CE21D4EFE36009EA3EB /* Controller */,
				D2174CE51D4EFE36009EA3EB /* Model */,
				D2174CE61D4EFE36009EA3EB /* View */,
			);
			path = "FriendTrends-关注";
			sourceTree = "<group>";
		};
		D2174CE21D4EFE36009EA3EB /* Controller */ = {
			isa = PBXGroup;
			children = (
				D2174CE31D4EFE36009EA3EB /* HCFriendTrendsViewController.h */,
				D2174CE41D4EFE36009EA3EB /* HCFriendTrendsViewController.m */,
			);
			path = Controller;
			sourceTree = "<group>";
		};
		D2174CE51D4EFE36009EA3EB /* Model */ = {
			isa = PBXGroup;
			children = (
			);
			path = Model;
			sourceTree = "<group>";
		};
		D2174CE61D4EFE36009EA3EB /* View */ = {
			isa = PBXGroup;
			children = (
			);
			path = View;
			sourceTree = "<group>";
		};
		D2174CE71D4EFE36009EA3EB /* Me-我 */ = {
			isa = PBXGroup;
			children = (
				D2174CE81D4EFE36009EA3EB /* Controller */,
				D2174CEB1D4EFE36009EA3EB /* Model */,
				D2174CEC1D4EFE36009EA3EB /* View */,
			);
			path = "Me-我";
			sourceTree = "<group>";
		};
		D2174CE81D4EFE36009EA3EB /* Controller */ = {
			isa = PBXGroup;
			children = (
				D2174CE91D4EFE36009EA3EB /* HCMeViewController.h */,
				D2174CEA1D4EFE36009EA3EB /* HCMeViewController.m */,
			);
			path = Controller;
			sourceTree = "<group>";
		};
		D2174CEB1D4EFE36009EA3EB /* Model */ = {
			isa = PBXGroup;
			children = (
			);
			path = Model;
			sourceTree = "<group>";
		};
		D2174CEC1D4EFE36009EA3EB /* View */ = {
			isa = PBXGroup;
			children = (
			);
			path = View;
			sourceTree = "<group>";
		};
		D2174CED1D4EFE36009EA3EB /* New-新帖 */ = {
			isa = PBXGroup;
			children = (
				D2174CEE1D4EFE36009EA3EB /* Controller */,
				D2174CF11D4EFE36009EA3EB /* Model */,
				D2174CF21D4EFE36009EA3EB /* View */,
			);
			path = "New-新帖";
			sourceTree = "<group>";
		};
		D2174CEE1D4EFE36009EA3EB /* Controller */ = {
			isa = PBXGroup;
			children = (
				D2174CEF1D4EFE36009EA3EB /* HCNewViewController.h */,
				D2174CF01D4EFE36009EA3EB /* HCNewViewController.m */,
			);
			path = Controller;
			sourceTree = "<group>";
		};
		D2174CF11D4EFE36009EA3EB /* Model */ = {
			isa = PBXGroup;
			children = (
			);
			path = Model;
			sourceTree = "<group>";
		};
		D2174CF21D4EFE36009EA3EB /* View */ = {
			isa = PBXGroup;
			children = (
			);
			path = View;
			sourceTree = "<group>";
		};
		D2174CF31D4EFE36009EA3EB /* Other-其他 */ = {
			isa = PBXGroup;
			children = (
				D2174CF41D4EFE36009EA3EB /* AppDelegate.h */,
				D2174CF51D4EFE36009EA3EB /* AppDelegate.m */,
				D2174CF61D4EFE36009EA3EB /* Category */,
				D2174CFB1D4EFE36009EA3EB /* Controller */,
				D2174CFE1D4EFE36009EA3EB /* main.m */,
				D2174CFF1D4EFE36009EA3EB /* PrefixHeader.pch */,
				D2174D131D4F84A9009EA3EB /* XMGTestViewController.h */,
				D2174D141D4F84A9009EA3EB /* XMGTestViewController.m */,
				D2174D001D4EFE36009EA3EB /* View */,
			);
			path = "Other-其他";
			sourceTree = "<group>";
		};
		D2174CF61D4EFE36009EA3EB /* Category */ = {
			isa = PBXGroup;
			children = (
				D2174CF71D4EFE36009EA3EB /* UIBarButtonItem+HCExtension.h */,
				D2174CF81D4EFE36009EA3EB /* UIBarButtonItem+HCExtension.m */,
				D2174CF91D4EFE36009EA3EB /* UIView+HCExtension.h */,
				D2174CFA1D4EFE36009EA3EB /* UIView+HCExtension.m */,
			);
			path = Category;
			sourceTree = "<group>";
		};
		D2174CFB1D4EFE36009EA3EB /* Controller */ = {
			isa = PBXGroup;
			children = (
				D2174D161D4F8BFA009EA3EB /* HCNavigationController.h */,
				D2174D171D4F8BFA009EA3EB /* HCNavigationController.m */,
				D2174CFC1D4EFE36009EA3EB /* HCTabBarViewController.h */,
				D2174CFD1D4EFE36009EA3EB /* HCTabBarViewController.m */,
			);
			path = Controller;
			sourceTree = "<group>";
		};
		D2174D001D4EFE36009EA3EB /* View */ = {
			isa = PBXGroup;
			children = (
				D2174D011D4EFE36009EA3EB /* HCTabBar.h */,
				D2174D021D4EFE36009EA3EB /* HCTabBar.m */,
			);
			path = View;
			sourceTree = "<group>";
		};
/* End PBXGroup section */

/* Begin PBXNativeTarget section */
		D2174CA61D4E0F00009EA3EB /* 百思不得姐 */ = {
			isa = PBXNativeTarget;
			buildConfigurationList = D2174CBE1D4E0F00009EA3EB /* Build configuration list for PBXNativeTarget "百思不得姐" */;
			buildPhases = (
				D2174CA31D4E0F00009EA3EB /* Sources */,
				D2174CA41D4E0F00009EA3EB /* Frameworks */,
				D2174CA51D4E0F00009EA3EB /* Resources */,
			);
			buildRules = (
			);
			dependencies = (
			);
			name = "百思不得姐";
			productName = "百思不得姐";
			productReference = D2174CA71D4E0F00009EA3EB /* 百思不得姐.app */;
			productType = "com.apple.product-type.application";
		};
/* End PBXNativeTarget section */

/* Begin PBXProject section */
		D2174C9F1D4E0F00009EA3EB /* Project object */ = {
			isa = PBXProject;
			attributes = {
				CLASSPREFIX = HC;
				LastUpgradeCheck = 0730;
				ORGANIZATIONNAME = "成 黄";
				TargetAttributes = {
					D2174CA61D4E0F00009EA3EB = {
						CreatedOnToolsVersion = 7.3;
						DevelopmentTeam = MSGU6L433A;
					};
				};
			};
			buildConfigurationList = D2174CA21D4E0F00009EA3EB /* Build configuration list for PBXProject "百思不得姐" */;
			compatibilityVersion = "Xcode 3.2";
			developmentRegion = English;
			hasScannedForEncodings = 0;
			knownRegions = (
				en,
				Base,
			);
			mainGroup = D2174C9E1D4E0F00009EA3EB;
			productRefGroup = D2174CA81D4E0F00009EA3EB /* Products */;
			projectDirPath = "";
			projectRoot = "";
			targets = (
				D2174CA61D4E0F00009EA3EB /* 百思不得姐 */,
			);
		};
/* End PBXProject section */

/* Begin PBXResourcesBuildPhase section */
		D2174CA51D4E0F00009EA3EB /* Resources */ = {
			isa = PBXResourcesBuildPhase;
			buildActionMask = 2147483647;
			files = (
				D2174CB71D4E0F00009EA3EB /* Assets.xcassets in Resources */,
			);
			runOnlyForDeploymentPostprocessing = 0;
		};
/* End PBXResourcesBuildPhase section */

/* Begin PBXSourcesBuildPhase section */
		D2174CA31D4E0F00009EA3EB /* Sources */ = {
			isa = PBXSourcesBuildPhase;
			buildActionMask = 2147483647;
			files = (
				D2174D061D4EFE36009EA3EB /* HCNewViewController.m in Sources */,
				D2174D0A1D4EFE36009EA3EB /* HCTabBarViewController.m in Sources */,
				D2174D181D4F8BFA009EA3EB /* HCNavigationController.m in Sources */,
				D2174D051D4EFE36009EA3EB /* HCMeViewController.m in Sources */,
				D2174D031D4EFE36009EA3EB /* HCEssenceViewController.m in Sources */,
				D2174D081D4EFE36009EA3EB /* UIBarButtonItem+HCExtension.m in Sources */,
				D2174D041D4EFE36009EA3EB /* HCFriendTrendsViewController.m in Sources */,
				D2174D091D4EFE36009EA3EB /* UIView+HCExtension.m in Sources */,
				D2174D0B1D4EFE36009EA3EB /* main.m in Sources */,
				D2174D151D4F84A9009EA3EB /* XMGTestViewController.m in Sources */,
				D2174D0C1D4EFE36009EA3EB /* HCTabBar.m in Sources */,
				D2174D071D4EFE36009EA3EB /* AppDelegate.m in Sources */,
			);
			runOnlyForDeploymentPostprocessing = 0;
		};
/* End PBXSourcesBuildPhase section */

/* Begin XCBuildConfiguration section */
		D2174CBC1D4E0F00009EA3EB /* Debug */ = {
			isa = XCBuildConfiguration;
			buildSettings = {
				ALWAYS_SEARCH_USER_PATHS = NO;
				CLANG_ANALYZER_NONNULL = YES;
				CLANG_CXX_LANGUAGE_STANDARD = "gnu++0x";
				CLANG_CXX_LIBRARY = "libc++";
				CLANG_ENABLE_MODULES = YES;
				CLANG_ENABLE_OBJC_ARC = YES;
				CLANG_WARN_BOOL_CONVERSION = YES;
				CLANG_WARN_CONSTANT_CONVERSION = YES;
				CLANG_WARN_DIRECT_OBJC_ISA_USAGE = YES_ERROR;
				CLANG_WARN_EMPTY_BODY = YES;
				CLANG_WARN_ENUM_CONVERSION = YES;
				CLANG_WARN_INT_CONVERSION = YES;
				CLANG_WARN_OBJC_ROOT_CLASS = YES_ERROR;
				CLANG_WARN_UNREACHABLE_CODE = YES;
				CLANG_WARN__DUPLICATE_METHOD_MATCH = YES;
				"CODE_SIGN_IDENTITY[sdk=iphoneos*]" = "iPhone Developer";
				COPY_PHASE_STRIP = NO;
				DEBUG_INFORMATION_FORMAT = dwarf;
				ENABLE_STRICT_OBJC_MSGSEND = YES;
				ENABLE_TESTABILITY = YES;
				GCC_C_LANGUAGE_STANDARD = gnu99;
				GCC_DYNAMIC_NO_PIC = NO;
				GCC_NO_COMMON_BLOCKS = YES;
				GCC_OPTIMIZATION_LEVEL = 0;
				GCC_PREPROCESSOR_DEFINITIONS = (
					"DEBUG=1",
					"$(inherited)",
				);
				GCC_WARN_64_TO_32_BIT_CONVERSION = YES;
				GCC_WARN_ABOUT_RETURN_TYPE = YES_ERROR;
				GCC_WARN_UNDECLARED_SELECTOR = YES;
				GCC_WARN_UNINITIALIZED_AUTOS = YES_AGGRESSIVE;
				GCC_WARN_UNUSED_FUNCTION = YES;
				GCC_WARN_UNUSED_VARIABLE = YES;
				IPHONEOS_DEPLOYMENT_TARGET = 9.3;
				MTL_ENABLE_DEBUG_INFO = YES;
				ONLY_ACTIVE_ARCH = YES;
				SDKROOT = iphoneos;
				TARGETED_DEVICE_FAMILY = "1,2";
			};
			name = Debug;
		};
		D2174CBD1D4E0F00009EA3EB /* Release */ = {
			isa = XCBuildConfiguration;
			buildSettings = {
				ALWAYS_SEARCH_USER_PATHS = NO;
				CLANG_ANALYZER_NONNULL = YES;
				CLANG_CXX_LANGUAGE_STANDARD = "gnu++0x";
				CLANG_CXX_LIBRARY = "libc++";
				CLANG_ENABLE_MODULES = YES;
				CLANG_ENABLE_OBJC_ARC = YES;
				CLANG_WARN_BOOL_CONVERSION = YES;
				CLANG_WARN_CONSTANT_CONVERSION = YES;
				CLANG_WARN_DIRECT_OBJC_ISA_USAGE = YES_ERROR;
				CLANG_WARN_EMPTY_BODY = YES;
				CLANG_WARN_ENUM_CONVERSION = YES;
				CLANG_WARN_INT_CONVERSION = YES;
				CLANG_WARN_OBJC_ROOT_CLASS = YES_ERROR;
				CLANG_WARN_UNREACHABLE_CODE = YES;
				CLANG_WARN__DUPLICATE_METHOD_MATCH = YES;
				"CODE_SIGN_IDENTITY[sdk=iphoneos*]" = "iPhone Developer";
				COPY_PHASE_STRIP = NO;
				DEBUG_INFORMATION_FORMAT = "dwarf-with-dsym";
				ENABLE_NS_ASSERTIONS = NO;
				ENABLE_STRICT_OBJC_MSGSEND = YES;
				GCC_C_LANGUAGE_STANDARD = gnu99;
				GCC_NO_COMMON_BLOCKS = YES;
				GCC_WARN_64_TO_32_BIT_CONVERSION = YES;
				GCC_WARN_ABOUT_RETURN_TYPE = YES_ERROR;
				GCC_WARN_UNDECLARED_SELECTOR = YES;
				GCC_WARN_UNINITIALIZED_AUTOS = YES_AGGRESSIVE;
				GCC_WARN_UNUSED_FUNCTION = YES;
				GCC_WARN_UNUSED_VARIABLE = YES;
				IPHONEOS_DEPLOYMENT_TARGET = 9.3;
				MTL_ENABLE_DEBUG_INFO = NO;
				SDKROOT = iphoneos;
				TARGETED_DEVICE_FAMILY = "1,2";
				VALIDATE_PRODUCT = YES;
			};
			name = Release;
		};
		D2174CBF1D4E0F00009EA3EB /* Debug */ = {
			isa = XCBuildConfiguration;
			buildSettings = {
				ASSETCATALOG_COMPILER_APPICON_NAME = AppIcon;
				ASSETCATALOG_COMPILER_LAUNCHIMAGE_NAME = "Brand Assets";
				GCC_PREFIX_HEADER = "百思不得姐/Classes/Other-其他/PrefixHeader.pch";
				INFOPLIST_FILE = "百思不得姐/Info.plist";
				LD_RUNPATH_SEARCH_PATHS = "$(inherited) @executable_path/Frameworks";
				PRODUCT_BUNDLE_IDENTIFIER = "cn.edu.ecnu.huangcheng.-----";
				PRODUCT_NAME = "$(TARGET_NAME)";
				TARGETED_DEVICE_FAMILY = 1;
			};
			name = Debug;
		};
		D2174CC01D4E0F00009EA3EB /* Release */ = {
			isa = XCBuildConfiguration;
			buildSettings = {
				ASSETCATALOG_COMPILER_APPICON_NAME = AppIcon;
				ASSETCATALOG_COMPILER_LAUNCHIMAGE_NAME = "Brand Assets";
				GCC_PREFIX_HEADER = "百思不得姐/Classes/Other-其他/PrefixHeader.pch";
				INFOPLIST_FILE = "百思不得姐/Info.plist";
				LD_RUNPATH_SEARCH_PATHS = "$(inherited) @executable_path/Frameworks";
				PRODUCT_BUNDLE_IDENTIFIER = "cn.edu.ecnu.huangcheng.-----";
				PRODUCT_NAME = "$(TARGET_NAME)";
				TARGETED_DEVICE_FAMILY = 1;
			};
			name = Release;
		};
/* End XCBuildConfiguration section */

/* Begin XCConfigurationList section */
		D2174CA21D4E0F00009EA3EB /* Build configuration list for PBXProject "百思不得姐" */ = {
			isa = XCConfigurationList;
			buildConfigurations = (
				D2174CBC1D4E0F00009EA3EB /* Debug */,
				D2174CBD1D4E0F00009EA3EB /* Release */,
			);
			defaultConfigurationIsVisible = 0;
			defaultConfigurationName = Release;
		};
		D2174CBE1D4E0F00009EA3EB /* Build configuration list for PBXNativeTarget "百思不得姐" */ = {
			isa = XCConfigurationList;
			buildConfigurations = (
				D2174CBF1D4E0F00009EA3EB /* Debug */,
				D2174CC01D4E0F00009EA3EB /* Release */,
			);
			defaultConfigurationIsVisible = 0;
			defaultConfigurationName = Release;
		};
/* End XCConfigurationList section */
	};
	rootObject = D2174C9F1D4E0F00009EA3EB /* Project object */;
}
